// !$*UTF8*$!
{
	archiveVersion = 1;
	classes = {
	};
	objectVersion = 46;
	objects = {

/* Begin PBXBuildFile section */
		35724E10ED634AD0DF12CF74 /* Pods_BanTang.framework in Frameworks */ = {isa = PBXBuildFile; fileRef = 20C1529032ADECFDBF01B63F /* Pods_BanTang.framework */; };
		7301C2491D179B19009D91EF /* BTSearchListModel.swift in Sources */ = {isa = PBXBuildFile; fileRef = 7301C2481D179B19009D91EF /* BTSearchListModel.swift */; };
		7301C24B1D179B38009D91EF /* BTSearchDanpinModel.swift in Sources */ = {isa = PBXBuildFile; fileRef = 7301C24A1D179B38009D91EF /* BTSearchDanpinModel.swift */; };
		7301C24F1D17A101009D91EF /* BTSearchDanpinViewController.swift in Sources */ = {isa = PBXBuildFile; fileRef = 7301C24D1D17A101009D91EF /* BTSearchDanpinViewController.swift */; };
		7301C2541D17B155009D91EF /* BTSearchCategoryTableViewCell.swift in Sources */ = {isa = PBXBuildFile; fileRef = 7301C2521D17B155009D91EF /* BTSearchCategoryTableViewCell.swift */; };
		7301C2551D17B155009D91EF /* BTSearchCategoryTableViewCell.xib in Resources */ = {isa = PBXBuildFile; fileRef = 7301C2531D17B155009D91EF /* BTSearchCategoryTableViewCell.xib */; };
		7301C2581D17BD0F009D91EF /* BTSearchCategoryRightCell.swift in Sources */ = {isa = PBXBuildFile; fileRef = 7301C2561D17BD0F009D91EF /* BTSearchCategoryRightCell.swift */; };
		7301C2591D17BD0F009D91EF /* BTSearchCategoryRightCell.xib in Resources */ = {isa = PBXBuildFile; fileRef = 7301C2571D17BD0F009D91EF /* BTSearchCategoryRightCell.xib */; };
		7301C25B1D17DAE3009D91EF /* BTSearchListVC.swift in Sources */ = {isa = PBXBuildFile; fileRef = 7301C25A1D17DAE3009D91EF /* BTSearchListVC.swift */; };
		7301C25E1D17E364009D91EF /* BTSearchListCell.swift in Sources */ = {isa = PBXBuildFile; fileRef = 7301C25C1D17E364009D91EF /* BTSearchListCell.swift */; };
		7301C25F1D17E364009D91EF /* BTSearchListCell.xib in Resources */ = {isa = PBXBuildFile; fileRef = 7301C25D1D17E364009D91EF /* BTSearchListCell.xib */; };
		7301C2611D18FD2A009D91EF /* SystemConfiguration.framework in Frameworks */ = {isa = PBXBuildFile; fileRef = 7301C2601D18FD2A009D91EF /* SystemConfiguration.framework */; };
		7301C2631D18FDCB009D91EF /* ImageIO.framework in Frameworks */ = {isa = PBXBuildFile; fileRef = 7301C2621D18FDCB009D91EF /* ImageIO.framework */; };
		7301C2651D18FDEE009D91EF /* Security.framework in Frameworks */ = {isa = PBXBuildFile; fileRef = 7301C2641D18FDEE009D91EF /* Security.framework */; };
		7301C2671D18FE03009D91EF /* libiconv.tbd in Frameworks */ = {isa = PBXBuildFile; fileRef = 7301C2661D18FE03009D91EF /* libiconv.tbd */; };
		7301C2691D18FE22009D91EF /* CoreGraphics.framework in Frameworks */ = {isa = PBXBuildFile; fileRef = 7301C2681D18FE22009D91EF /* CoreGraphics.framework */; };
		7301C26B1D18FE3B009D91EF /* libsqlite3.tbd in Frameworks */ = {isa = PBXBuildFile; fileRef = 7301C26A1D18FE3B009D91EF /* libsqlite3.tbd */; };
		7301C26D1D18FE46009D91EF /* CoreTelephony.framework in Frameworks */ = {isa = PBXBuildFile; fileRef = 7301C26C1D18FE46009D91EF /* CoreTelephony.framework */; };
		7301C26F1D18FE54009D91EF /* libstdc++.tbd in Frameworks */ = {isa = PBXBuildFile; fileRef = 7301C26E1D18FE54009D91EF /* libstdc++.tbd */; };
		7301C2711D18FE64009D91EF /* libz.tbd in Frameworks */ = {isa = PBXBuildFile; fileRef = 7301C2701D18FE64009D91EF /* libz.tbd */; };
		7301C28E1D1946D8009D91EF /* UMSocialLocalizable.strings in Resources */ = {isa = PBXBuildFile; fileRef = 7301C2731D1946D8009D91EF /* UMSocialLocalizable.strings */; };
		7301C28F1D1946D8009D91EF /* libUMSocial_Sdk_5.2.1.a in Frameworks */ = {isa = PBXBuildFile; fileRef = 7301C2811D1946D8009D91EF /* libUMSocial_Sdk_5.2.1.a */; };
		7301C2901D1946D8009D91EF /* libUMSocial_Sdk_Comment_5.2.1.a in Frameworks */ = {isa = PBXBuildFile; fileRef = 7301C2821D1946D8009D91EF /* libUMSocial_Sdk_Comment_5.2.1.a */; };
		7301C2911D1946D8009D91EF /* UMSCommentDetailController.xib in Resources */ = {isa = PBXBuildFile; fileRef = 7301C2841D1946D8009D91EF /* UMSCommentDetailController.xib */; };
		7301C2921D1946D8009D91EF /* UMSCommentInputController.xib in Resources */ = {isa = PBXBuildFile; fileRef = 7301C2851D1946D8009D91EF /* UMSCommentInputController.xib */; };
		7301C2931D1946D8009D91EF /* UMSCommentInputControlleriPad.xib in Resources */ = {isa = PBXBuildFile; fileRef = 7301C2861D1946D8009D91EF /* UMSCommentInputControlleriPad.xib */; };
		7301C2941D1946D8009D91EF /* UMShareEditViewController.xib in Resources */ = {isa = PBXBuildFile; fileRef = 7301C2871D1946D8009D91EF /* UMShareEditViewController.xib */; };
		7301C2951D1946D8009D91EF /* UMShareEditViewControlleriPad.xib in Resources */ = {isa = PBXBuildFile; fileRef = 7301C2881D1946D8009D91EF /* UMShareEditViewControlleriPad.xib */; };
		7301C2961D1946D8009D91EF /* UMSLoginViewController.xib in Resources */ = {isa = PBXBuildFile; fileRef = 7301C2891D1946D8009D91EF /* UMSLoginViewController.xib */; };
		7301C2971D1946D8009D91EF /* UMSnsAccountViewController.xib in Resources */ = {isa = PBXBuildFile; fileRef = 7301C28A1D1946D8009D91EF /* UMSnsAccountViewController.xib */; };
		7301C2981D1946D8009D91EF /* UMSShareListController.xib in Resources */ = {isa = PBXBuildFile; fileRef = 7301C28B1D1946D8009D91EF /* UMSShareListController.xib */; };
		7301C2991D1946D8009D91EF /* UMSocialSDKResourcesNew.bundle in Resources */ = {isa = PBXBuildFile; fileRef = 7301C28C1D1946D8009D91EF /* UMSocialSDKResourcesNew.bundle */; };
		7301C2B81D194762009D91EF /* libSocialSinaSSO.a in Frameworks */ = {isa = PBXBuildFile; fileRef = 7301C29C1D194762009D91EF /* libSocialSinaSSO.a */; };
		7301C2B91D194762009D91EF /* libWeiboSDK.a in Frameworks */ = {isa = PBXBuildFile; fileRef = 7301C29D1D194762009D91EF /* libWeiboSDK.a */; };
		7301C2BA1D194762009D91EF /* WeiboSDK.bundle in Resources */ = {isa = PBXBuildFile; fileRef = 7301C2A81D194762009D91EF /* WeiboSDK.bundle */; };
		7301C2BB1D194762009D91EF /* libSocialQQ.a in Frameworks */ = {isa = PBXBuildFile; fileRef = 7301C2AC1D194762009D91EF /* libSocialQQ.a */; };
		7301C2BC1D194762009D91EF /* TencentOpenAPI.framework in Frameworks */ = {isa = PBXBuildFile; fileRef = 7301C2AD1D194762009D91EF /* TencentOpenAPI.framework */; };
		7301C2BD1D194762009D91EF /* TencentOpenApi_IOS_Bundle.bundle in Resources */ = {isa = PBXBuildFile; fileRef = 7301C2AE1D194762009D91EF /* TencentOpenApi_IOS_Bundle.bundle */; };
		7301C2BE1D194762009D91EF /* libSocialWechat.a in Frameworks */ = {isa = PBXBuildFile; fileRef = 7301C2B11D194762009D91EF /* libSocialWechat.a */; };
		7301C2BF1D194762009D91EF /* libWeChatSDK.a in Frameworks */ = {isa = PBXBuildFile; fileRef = 7301C2B21D194762009D91EF /* libWeChatSDK.a */; };
		7301C2C01D194762009D91EF /* README.txt in Resources */ = {isa = PBXBuildFile; fileRef = 7301C2B31D194762009D91EF /* README.txt */; };
		73043C7D1D07E6E800D71114 /* BTMessageChildBaseTVC.swift in Sources */ = {isa = PBXBuildFile; fileRef = 73043C7C1D07E6E800D71114 /* BTMessageChildBaseTVC.swift */; };
		73070A6A1CFE9FE200CBDBF7 /* UIImage+Image.m in Sources */ = {isa = PBXBuildFile; fileRef = 73070A691CFE9FE200CBDBF7 /* UIImage+Image.m */; };
		73070A6D1CFFD6C000CBDBF7 /* BTNewController.swift in Sources */ = {isa = PBXBuildFile; fileRef = 73070A6C1CFFD6C000CBDBF7 /* BTNewController.swift */; };
		731692871D1F69F100809C97 /* BTSingInTVC.swift in Sources */ = {isa = PBXBuildFile; fileRef = 731692861D1F69F100809C97 /* BTSingInTVC.swift */; };
		7316928A1D1F6C1000809C97 /* sign_background.jpg in Resources */ = {isa = PBXBuildFile; fileRef = 731692891D1F6C1000809C97 /* sign_background.jpg */; };
		7316928D1D1F6C7F00809C97 /* BTSingTopView.swift in Sources */ = {isa = PBXBuildFile; fileRef = 7316928C1D1F6C7F00809C97 /* BTSingTopView.swift */; };
		731692901D1F91DB00809C97 /* BTSingNumberCell.swift in Sources */ = {isa = PBXBuildFile; fileRef = 7316928E1D1F91DB00809C97 /* BTSingNumberCell.swift */; };
		731692911D1F91DB00809C97 /* BTSingNumberCell.xib in Resources */ = {isa = PBXBuildFile; fileRef = 7316928F1D1F91DB00809C97 /* BTSingNumberCell.xib */; };
		731D59C01D046CC300B3502C /* ContentView.swift in Sources */ = {isa = PBXBuildFile; fileRef = 731D59BC1D046CC300B3502C /* ContentView.swift */; };
		731D59C11D046CC300B3502C /* ScrollPageView.swift in Sources */ = {isa = PBXBuildFile; fileRef = 731D59BD1D046CC300B3502C /* ScrollPageView.swift */; };
		731D59C21D046CC300B3502C /* ScrollSegmentView.swift in Sources */ = {isa = PBXBuildFile; fileRef = 731D59BE1D046CC300B3502C /* ScrollSegmentView.swift */; };
		731D59C31D046CC300B3502C /* SegmentStyle.swift in Sources */ = {isa = PBXBuildFile; fileRef = 731D59BF1D046CC300B3502C /* SegmentStyle.swift */; };
		731D59C51D04700E00B3502C /* BTBaseTVC.swift in Sources */ = {isa = PBXBuildFile; fileRef = 731D59C41D04700E00B3502C /* BTBaseTVC.swift */; };
		731D59C71D05542800B3502C /* BTBaseRequestParmas.swift in Sources */ = {isa = PBXBuildFile; fileRef = 731D59C61D05542800B3502C /* BTBaseRequestParmas.swift */; };
		731D59C91D055F4800B3502C /* BTHomePageData.swift in Sources */ = {isa = PBXBuildFile; fileRef = 731D59C81D055F4800B3502C /* BTHomePageData.swift */; };
		731D59CB1D05652400B3502C /* BTHomeTopic.swift in Sources */ = {isa = PBXBuildFile; fileRef = 731D59CA1D05652400B3502C /* BTHomeTopic.swift */; };
		731D59CD1D05675700B3502C /* BTHomeBanner.swift in Sources */ = {isa = PBXBuildFile; fileRef = 731D59CC1D05675700B3502C /* BTHomeBanner.swift */; };
		731D59CF1D0567E900B3502C /* BTCategoryElement.swift in Sources */ = {isa = PBXBuildFile; fileRef = 731D59CE1D0567E900B3502C /* BTCategoryElement.swift */; };
		731D59D11D056BDF00B3502C /* BTHomePageDataTool.swift in Sources */ = {isa = PBXBuildFile; fileRef = 731D59D01D056BDF00B3502C /* BTHomePageDataTool.swift */; };
		731D59D41D059CCE00B3502C /* BTHomeTopicCell.swift in Sources */ = {isa = PBXBuildFile; fileRef = 731D59D21D059CCE00B3502C /* BTHomeTopicCell.swift */; };
		731D59D51D059CCE00B3502C /* BTHomeTopicCell.xib in Resources */ = {isa = PBXBuildFile; fileRef = 731D59D31D059CCE00B3502C /* BTHomeTopicCell.xib */; };
		7329582D1D141E3500D2018C /* BTPopupView.swift in Sources */ = {isa = PBXBuildFile; fileRef = 7329582C1D141E3500D2018C /* BTPopupView.swift */; };
		735EC66D1CFD369A00D171EE /* BTReSetCell.swift in Sources */ = {isa = PBXBuildFile; fileRef = 735EC66C1CFD369A00D171EE /* BTReSetCell.swift */; };
		735EC66F1CFD398700D171EE /* BTOrderController.swift in Sources */ = {isa = PBXBuildFile; fileRef = 735EC66E1CFD398700D171EE /* BTOrderController.swift */; };
		735EC6711CFD399400D171EE /* BTOrderController.storyboard in Resources */ = {isa = PBXBuildFile; fileRef = 735EC6701CFD399400D171EE /* BTOrderController.storyboard */; };
		735EC6731CFD3CF900D171EE /* BTOrderCell.swift in Sources */ = {isa = PBXBuildFile; fileRef = 735EC6721CFD3CF900D171EE /* BTOrderCell.swift */; };
		7386F0891D1EDB2C00F29256 /* BTArticleModel.swift in Sources */ = {isa = PBXBuildFile; fileRef = 7386F0881D1EDB2C00F29256 /* BTArticleModel.swift */; };
		7386F08C1D1EDD3A00F29256 /* BTArticleVC.swift in Sources */ = {isa = PBXBuildFile; fileRef = 7386F08A1D1EDD3A00F29256 /* BTArticleVC.swift */; };
		7386F08D1D1EDD3A00F29256 /* BTArticleVC.xib in Resources */ = {isa = PBXBuildFile; fileRef = 7386F08B1D1EDD3A00F29256 /* BTArticleVC.xib */; };
		738710311CF2A749007D6979 /* AppDelegate.swift in Sources */ = {isa = PBXBuildFile; fileRef = 738710301CF2A749007D6979 /* AppDelegate.swift */; };
		738710381CF2A74A007D6979 /* Assets.xcassets in Resources */ = {isa = PBXBuildFile; fileRef = 738710371CF2A74A007D6979 /* Assets.xcassets */; };
		7387103B1CF2A74A007D6979 /* LaunchScreen.storyboard in Resources */ = {isa = PBXBuildFile; fileRef = 738710391CF2A74A007D6979 /* LaunchScreen.storyboard */; };
		7387105C1CF2B568007D6979 /* BTMainTabBarVC.swift in Sources */ = {isa = PBXBuildFile; fileRef = 7387105B1CF2B568007D6979 /* BTMainTabBarVC.swift */; };
		7387105E1CF2B690007D6979 /* BTHomeViewController.swift in Sources */ = {isa = PBXBuildFile; fileRef = 7387105D1CF2B690007D6979 /* BTHomeViewController.swift */; };
		738710601CF2B6D0007D6979 /* BTDiscoverViewController.swift in Sources */ = {isa = PBXBuildFile; fileRef = 7387105F1CF2B6D0007D6979 /* BTDiscoverViewController.swift */; };
		738710621CF2B706007D6979 /* BTMessageViewController.swift in Sources */ = {isa = PBXBuildFile; fileRef = 738710611CF2B706007D6979 /* BTMessageViewController.swift */; };
		738710651CF2B776007D6979 /* BTAccountViewController.swift in Sources */ = {isa = PBXBuildFile; fileRef = 738710631CF2B776007D6979 /* BTAccountViewController.swift */; };
		738710681CF2DCC6007D6979 /* BTBaseNaviController.swift in Sources */ = {isa = PBXBuildFile; fileRef = 738710671CF2DCC6007D6979 /* BTBaseNaviController.swift */; };
		7387106A1CF2DF6E007D6979 /* BTTabBar.swift in Sources */ = {isa = PBXBuildFile; fileRef = 738710691CF2DF6E007D6979 /* BTTabBar.swift */; };
		738710701CF30093007D6979 /* UIBarButtonItem+Item.m in Sources */ = {isa = PBXBuildFile; fileRef = 7387106F1CF30093007D6979 /* UIBarButtonItem+Item.m */; };
		738710721CF40284007D6979 /* BTHeaderView.swift in Sources */ = {isa = PBXBuildFile; fileRef = 738710711CF40284007D6979 /* BTHeaderView.swift */; };
		738710741CF40299007D6979 /* BTHeaderView.xib in Resources */ = {isa = PBXBuildFile; fileRef = 738710731CF40299007D6979 /* BTHeaderView.xib */; };
		738710771CF449B5007D6979 /* BTDisTableViewCell.swift in Sources */ = {isa = PBXBuildFile; fileRef = 738710751CF449B5007D6979 /* BTDisTableViewCell.swift */; };
		738710781CF449B5007D6979 /* BTDisTableViewCell.xib in Resources */ = {isa = PBXBuildFile; fileRef = 738710761CF449B5007D6979 /* BTDisTableViewCell.xib */; };
		7387107A1CF46B85007D6979 /* BTTopicItem.swift in Sources */ = {isa = PBXBuildFile; fileRef = 738710791CF46B85007D6979 /* BTTopicItem.swift */; };
		7387107C1CF47B4B007D6979 /* BTTopicUserItem.swift in Sources */ = {isa = PBXBuildFile; fileRef = 7387107B1CF47B4B007D6979 /* BTTopicUserItem.swift */; };
		73955A3B1CFAD48700189CA0 /* BTHotCollectionViewCell.swift in Sources */ = {isa = PBXBuildFile; fileRef = 73955A391CFAD48700189CA0 /* BTHotCollectionViewCell.swift */; };
		73955A3C1CFAD48700189CA0 /* BTHotCollectionViewCell.xib in Resources */ = {isa = PBXBuildFile; fileRef = 73955A3A1CFAD48700189CA0 /* BTHotCollectionViewCell.xib */; };
		73955A3E1CFAD5A600189CA0 /* BTHotItem.swift in Sources */ = {isa = PBXBuildFile; fileRef = 73955A3D1CFAD5A600189CA0 /* BTHotItem.swift */; };
		73955A401CFAF0F800189CA0 /* BTHotView.swift in Sources */ = {isa = PBXBuildFile; fileRef = 73955A3F1CFAF0F800189CA0 /* BTHotView.swift */; };
		73955A421CFAF10400189CA0 /* BTHotView.xib in Resources */ = {isa = PBXBuildFile; fileRef = 73955A411CFAF10400189CA0 /* BTHotView.xib */; };
		7398A5201CFC0B8D00D0B813 /* BTSettingController.swift in Sources */ = {isa = PBXBuildFile; fileRef = 7398A51F1CFC0B8D00D0B813 /* BTSettingController.swift */; };
		7398A5221CFC0B9700D0B813 /* BTSettingController.storyboard in Resources */ = {isa = PBXBuildFile; fileRef = 7398A5211CFC0B9700D0B813 /* BTSettingController.storyboard */; };
		7398A5241CFC363600D0B813 /* BTUserHeadView.swift in Sources */ = {isa = PBXBuildFile; fileRef = 7398A5231CFC363600D0B813 /* BTUserHeadView.swift */; };
		7398A5261CFC364300D0B813 /* BTUserHeadView.xib in Resources */ = {isa = PBXBuildFile; fileRef = 7398A5251CFC364300D0B813 /* BTUserHeadView.xib */; };
		7398A5281CFC407B00D0B813 /* BTMiddleView.swift in Sources */ = {isa = PBXBuildFile; fileRef = 7398A5271CFC407B00D0B813 /* BTMiddleView.swift */; };
		7398A52A1CFC408300D0B813 /* BTMiddleView.xib in Resources */ = {isa = PBXBuildFile; fileRef = 7398A5291CFC408300D0B813 /* BTMiddleView.xib */; };
		73AAC9C71D085D8F00AE5751 /* BTLoadingView.swift in Sources */ = {isa = PBXBuildFile; fileRef = 73AAC9C61D085D8F00AE5751 /* BTLoadingView.swift */; };
		73AAC9C91D09569E00AE5751 /* BTTitleView.swift in Sources */ = {isa = PBXBuildFile; fileRef = 73AAC9C81D09569E00AE5751 /* BTTitleView.swift */; };
		73AAC9CD1D09598500AE5751 /* BTTitleBtn.swift in Sources */ = {isa = PBXBuildFile; fileRef = 73AAC9CC1D09598500AE5751 /* BTTitleBtn.swift */; };
		73AAC9CF1D096A6600AE5751 /* BTProductDetailVC.swift in Sources */ = {isa = PBXBuildFile; fileRef = 73AAC9CE1D096A6600AE5751 /* BTProductDetailVC.swift */; };
		73AAC9D11D09727800AE5751 /* BTProductModel.swift in Sources */ = {isa = PBXBuildFile; fileRef = 73AAC9D01D09727800AE5751 /* BTProductModel.swift */; };
		73AAC9D61D09ACB900AE5751 /* UINavigationBar+Extension.m in Sources */ = {isa = PBXBuildFile; fileRef = 73AAC9D51D09ACB900AE5751 /* UINavigationBar+Extension.m */; };
		73AAC9D91D09AD0A00AE5751 /* UIColor+Extension.m in Sources */ = {isa = PBXBuildFile; fileRef = 73AAC9D81D09AD0A00AE5751 /* UIColor+Extension.m */; };
		73AAC9DB1D09B56700AE5751 /* BTTopicDesView.swift in Sources */ = {isa = PBXBuildFile; fileRef = 73AAC9DA1D09B56700AE5751 /* BTTopicDesView.swift */; };
		73AAC9E21D0AF77E00AE5751 /* BTProductCell.swift in Sources */ = {isa = PBXBuildFile; fileRef = 73AAC9E11D0AF77E00AE5751 /* BTProductCell.swift */; };
		73AAC9E41D0BB0DB00AE5751 /* BTProductPicView.swift in Sources */ = {isa = PBXBuildFile; fileRef = 73AAC9E31D0BB0DB00AE5751 /* BTProductPicView.swift */; };
		73AAC9E61D0BF6C000AE5751 /* BTProductLikeListView.swift in Sources */ = {isa = PBXBuildFile; fileRef = 73AAC9E51D0BF6C000AE5751 /* BTProductLikeListView.swift */; };
		73AAC9E81D0C239500AE5751 /* BTProductBottomBar.swift in Sources */ = {isa = PBXBuildFile; fileRef = 73AAC9E71D0C239500AE5751 /* BTProductBottomBar.swift */; };
		73AAC9EA1D0EEE2C00AE5751 /* BTCoverView.swift in Sources */ = {isa = PBXBuildFile; fileRef = 73AAC9E91D0EEE2C00AE5751 /* BTCoverView.swift */; };
		73AAC9EC1D0EF90000AE5751 /* BTShareView.swift in Sources */ = {isa = PBXBuildFile; fileRef = 73AAC9EB1D0EF90000AE5751 /* BTShareView.swift */; };
		73AAC9EE1D0EF91400AE5751 /* BTShareView.xib in Resources */ = {isa = PBXBuildFile; fileRef = 73AAC9ED1D0EF91400AE5751 /* BTShareView.xib */; };
		73AAC9F11D0FC8DF00AE5751 /* BTPushTransitionAnimator.swift in Sources */ = {isa = PBXBuildFile; fileRef = 73AAC9F01D0FC8DF00AE5751 /* BTPushTransitionAnimator.swift */; };
		73C1BCD01CFDB8ED004A8952 /* ZCFileManager.m in Sources */ = {isa = PBXBuildFile; fileRef = 73C1BCCF1CFDB8ED004A8952 /* ZCFileManager.m */; };
		73CCC7ED1D165F45007E688C /* BTZhongcaoQueueTVC.swift in Sources */ = {isa = PBXBuildFile; fileRef = 73CCC7EC1D165F45007E688C /* BTZhongcaoQueueTVC.swift */; };
		73CCC7F01D1660F1007E688C /* BTZhongcaoHeaderView.swift in Sources */ = {isa = PBXBuildFile; fileRef = 73CCC7EF1D1660F1007E688C /* BTZhongcaoHeaderView.swift */; };
		73CCC7F21D166100007E688C /* BTZhongcaoFooterView.swift in Sources */ = {isa = PBXBuildFile; fileRef = 73CCC7F11D166100007E688C /* BTZhongcaoFooterView.swift */; };
		73CCC7F51D16611E007E688C /* BTZhongcaoCell.swift in Sources */ = {isa = PBXBuildFile; fileRef = 73CCC7F31D16611E007E688C /* BTZhongcaoCell.swift */; };
		73CCC7F61D16611E007E688C /* BTZhongcaoCell.xib in Resources */ = {isa = PBXBuildFile; fileRef = 73CCC7F41D16611E007E688C /* BTZhongcaoCell.xib */; };
		73CCC7F81D166535007E688C /* BTZhongcaoItem.swift in Sources */ = {isa = PBXBuildFile; fileRef = 73CCC7F71D166535007E688C /* BTZhongcaoItem.swift */; };
		73CCC7FA1D1680F9007E688C /* BTZhongcaoHeaderView.xib in Resources */ = {isa = PBXBuildFile; fileRef = 73CCC7F91D1680F9007E688C /* BTZhongcaoHeaderView.xib */; };
		73CCC7FC1D168467007E688C /* BTZhongcaoFooterView.xib in Resources */ = {isa = PBXBuildFile; fileRef = 73CCC7FB1D168467007E688C /* BTZhongcaoFooterView.xib */; };
		73CCC7FF1D16A6BB007E688C /* BTCreatTextVC.swift in Sources */ = {isa = PBXBuildFile; fileRef = 73CCC7FD1D16A6BB007E688C /* BTCreatTextVC.swift */; };
		73CCC8001D16A6BB007E688C /* BTCreatTextVC.xib in Resources */ = {isa = PBXBuildFile; fileRef = 73CCC7FE1D16A6BB007E688C /* BTCreatTextVC.xib */; };
		73CCC8021D16D9F0007E688C /* BTSearchViewController.swift in Sources */ = {isa = PBXBuildFile; fileRef = 73CCC8011D16D9F0007E688C /* BTSearchViewController.swift */; };
		73D12F9F1CF741AB008A4719 /* BTListViewController.swift in Sources */ = {isa = PBXBuildFile; fileRef = 73D12F9E1CF741AB008A4719 /* BTListViewController.swift */; };
		73D12FA11CF744B6008A4719 /* BTDanpinViewController.swift in Sources */ = {isa = PBXBuildFile; fileRef = 73D12FA01CF744B6008A4719 /* BTDanpinViewController.swift */; };
		73D12FA41CF7D7E1008A4719 /* BTCategoryCell.swift in Sources */ = {isa = PBXBuildFile; fileRef = 73D12FA21CF7D7E1008A4719 /* BTCategoryCell.swift */; };
		73D12FA51CF7D7E1008A4719 /* BTCategoryCell.xib in Resources */ = {isa = PBXBuildFile; fileRef = 73D12FA31CF7D7E1008A4719 /* BTCategoryCell.xib */; };
		73D12FAF1CF80E21008A4719 /* BTCategoryItem.swift in Sources */ = {isa = PBXBuildFile; fileRef = 73D12FAE1CF80E21008A4719 /* BTCategoryItem.swift */; };
/* End PBXBuildFile section */

/* Begin PBXFileReference section */
		20C1529032ADECFDBF01B63F /* Pods_BanTang.framework */ = {isa = PBXFileReference; explicitFileType = wrapper.framework; includeInIndex = 0; path = Pods_BanTang.framework; sourceTree = BUILT_PRODUCTS_DIR; };
		67BC2053EB2595D37723139E /* Pods-BanTang.release.xcconfig */ = {isa = PBXFileReference; includeInIndex = 1; lastKnownFileType = text.xcconfig; name = "Pods-BanTang.release.xcconfig"; path = "Pods/Target Support Files/Pods-BanTang/Pods-BanTang.release.xcconfig"; sourceTree = "<group>"; };
		7301C2481D179B19009D91EF /* BTSearchListModel.swift */ = {isa = PBXFileReference; fileEncoding = 4; lastKnownFileType = sourcecode.swift; path = BTSearchListModel.swift; sourceTree = "<group>"; };
		7301C24A1D179B38009D91EF /* BTSearchDanpinModel.swift */ = {isa = PBXFileReference; fileEncoding = 4; lastKnownFileType = sourcecode.swift; path = BTSearchDanpinModel.swift; sourceTree = "<group>"; };
		7301C24D1D17A101009D91EF /* BTSearchDanpinViewController.swift */ = {isa = PBXFileReference; fileEncoding = 4; lastKnownFileType = sourcecode.swift; path = BTSearchDanpinViewController.swift; sourceTree = "<group>"; };
		7301C2521D17B155009D91EF /* BTSearchCategoryTableViewCell.swift */ = {isa = PBXFileReference; fileEncoding = 4; lastKnownFileType = sourcecode.swift; path = BTSearchCategoryTableViewCell.swift; sourceTree = "<group>"; };
		7301C2531D17B155009D91EF /* BTSearchCategoryTableViewCell.xib */ = {isa = PBXFileReference; fileEncoding = 4; lastKnownFileType = file.xib; path = BTSearchCategoryTableViewCell.xib; sourceTree = "<group>"; };
		7301C2561D17BD0F009D91EF /* BTSearchCategoryRightCell.swift */ = {isa = PBXFileReference; fileEncoding = 4; lastKnownFileType = sourcecode.swift; path = BTSearchCategoryRightCell.swift; sourceTree = "<group>"; };
		7301C2571D17BD0F009D91EF /* BTSearchCategoryRightCell.xib */ = {isa = PBXFileReference; fileEncoding = 4; lastKnownFileType = file.xib; path = BTSearchCategoryRightCell.xib; sourceTree = "<group>"; };
		7301C25A1D17DAE3009D91EF /* BTSearchListVC.swift */ = {isa = PBXFileReference; fileEncoding = 4; lastKnownFileType = sourcecode.swift; path = BTSearchListVC.swift; sourceTree = "<group>"; };
		7301C25C1D17E364009D91EF /* BTSearchListCell.swift */ = {isa = PBXFileReference; fileEncoding = 4; lastKnownFileType = sourcecode.swift; path = BTSearchListCell.swift; sourceTree = "<group>"; };
		7301C25D1D17E364009D91EF /* BTSearchListCell.xib */ = {isa = PBXFileReference; fileEncoding = 4; lastKnownFileType = file.xib; path = BTSearchListCell.xib; sourceTree = "<group>"; };
		7301C2601D18FD2A009D91EF /* SystemConfiguration.framework */ = {isa = PBXFileReference; lastKnownFileType = wrapper.framework; name = SystemConfiguration.framework; path = System/Library/Frameworks/SystemConfiguration.framework; sourceTree = SDKROOT; };
		7301C2621D18FDCB009D91EF /* ImageIO.framework */ = {isa = PBXFileReference; lastKnownFileType = wrapper.framework; name = ImageIO.framework; path = System/Library/Frameworks/ImageIO.framework; sourceTree = SDKROOT; };
		7301C2641D18FDEE009D91EF /* Security.framework */ = {isa = PBXFileReference; lastKnownFileType = wrapper.framework; name = Security.framework; path = System/Library/Frameworks/Security.framework; sourceTree = SDKROOT; };
		7301C2661D18FE03009D91EF /* libiconv.tbd */ = {isa = PBXFileReference; lastKnownFileType = "sourcecode.text-based-dylib-definition"; name = libiconv.tbd; path = usr/lib/libiconv.tbd; sourceTree = SDKROOT; };
		7301C2681D18FE22009D91EF /* CoreGraphics.framework */ = {isa = PBXFileReference; lastKnownFileType = wrapper.framework; name = CoreGraphics.framework; path = System/Library/Frameworks/CoreGraphics.framework; sourceTree = SDKROOT; };
		7301C26A1D18FE3B009D91EF /* libsqlite3.tbd */ = {isa = PBXFileReference; lastKnownFileType = "sourcecode.text-based-dylib-definition"; name = libsqlite3.tbd; path = usr/lib/libsqlite3.tbd; sourceTree = SDKROOT; };
		7301C26C1D18FE46009D91EF /* CoreTelephony.framework */ = {isa = PBXFileReference; lastKnownFileType = wrapper.framework; name = CoreTelephony.framework; path = System/Library/Frameworks/CoreTelephony.framework; sourceTree = SDKROOT; };
		7301C26E1D18FE54009D91EF /* libstdc++.tbd */ = {isa = PBXFileReference; lastKnownFileType = "sourcecode.text-based-dylib-definition"; name = "libstdc++.tbd"; path = "usr/lib/libstdc++.tbd"; sourceTree = SDKROOT; };
		7301C2701D18FE64009D91EF /* libz.tbd */ = {isa = PBXFileReference; lastKnownFileType = "sourcecode.text-based-dylib-definition"; name = libz.tbd; path = usr/lib/libz.tbd; sourceTree = SDKROOT; };
		7301C2741D1946D8009D91EF /* en */ = {isa = PBXFileReference; lastKnownFileType = text.plist.strings; name = en; path = en.lproj/UMSocialLocalizable.strings; sourceTree = "<group>"; };
		7301C2761D1946D8009D91EF /* UMSocial.h */ = {isa = PBXFileReference; fileEncoding = 4; lastKnownFileType = sourcecode.c.h; path = UMSocial.h; sourceTree = "<group>"; };
		7301C2771D1946D8009D91EF /* UMSocialAccountManager.h */ = {isa = PBXFileReference; fileEncoding = 4; lastKnownFileType = sourcecode.c.h; path = UMSocialAccountManager.h; sourceTree = "<group>"; };
		7301C2781D1946D8009D91EF /* UMSocialBar.h */ = {isa = PBXFileReference; fileEncoding = 4; lastKnownFileType = sourcecode.c.h; path = UMSocialBar.h; sourceTree = "<group>"; };
		7301C2791D1946D8009D91EF /* UMSocialConfig.h */ = {isa = PBXFileReference; fileEncoding = 4; lastKnownFileType = sourcecode.c.h; path = UMSocialConfig.h; sourceTree = "<group>"; };
		7301C27A1D1946D8009D91EF /* UMSocialControllerService.h */ = {isa = PBXFileReference; fileEncoding = 4; lastKnownFileType = sourcecode.c.h; path = UMSocialControllerService.h; sourceTree = "<group>"; };
		7301C27B1D1946D8009D91EF /* UMSocialControllerServiceComment.h */ = {isa = PBXFileReference; fileEncoding = 4; lastKnownFileType = sourcecode.c.h; path = UMSocialControllerServiceComment.h; sourceTree = "<group>"; };
		7301C27C1D1946D8009D91EF /* UMSocialData.h */ = {isa = PBXFileReference; fileEncoding = 4; lastKnownFileType = sourcecode.c.h; path = UMSocialData.h; sourceTree = "<group>"; };
		7301C27D1D1946D8009D91EF /* UMSocialDataService.h */ = {isa = PBXFileReference; fileEncoding = 4; lastKnownFileType = sourcecode.c.h; path = UMSocialDataService.h; sourceTree = "<group>"; };
		7301C27E1D1946D8009D91EF /* UMSocialSnsData.h */ = {isa = PBXFileReference; fileEncoding = 4; lastKnownFileType = sourcecode.c.h; path = UMSocialSnsData.h; sourceTree = "<group>"; };
		7301C27F1D1946D8009D91EF /* UMSocialSnsPlatformManager.h */ = {isa = PBXFileReference; fileEncoding = 4; lastKnownFileType = sourcecode.c.h; path = UMSocialSnsPlatformManager.h; sourceTree = "<group>"; };
		7301C2801D1946D8009D91EF /* UMSocialSnsService.h */ = {isa = PBXFileReference; fileEncoding = 4; lastKnownFileType = sourcecode.c.h; path = UMSocialSnsService.h; sourceTree = "<group>"; };
		7301C2811D1946D8009D91EF /* libUMSocial_Sdk_5.2.1.a */ = {isa = PBXFileReference; lastKnownFileType = archive.ar; path = libUMSocial_Sdk_5.2.1.a; sourceTree = "<group>"; };
		7301C2821D1946D8009D91EF /* libUMSocial_Sdk_Comment_5.2.1.a */ = {isa = PBXFileReference; lastKnownFileType = archive.ar; path = libUMSocial_Sdk_Comment_5.2.1.a; sourceTree = "<group>"; };
		7301C2841D1946D8009D91EF /* UMSCommentDetailController.xib */ = {isa = PBXFileReference; fileEncoding = 4; lastKnownFileType = file.xib; path = UMSCommentDetailController.xib; sourceTree = "<group>"; };
		7301C2851D1946D8009D91EF /* UMSCommentInputController.xib */ = {isa = PBXFileReference; fileEncoding = 4; lastKnownFileType = file.xib; path = UMSCommentInputController.xib; sourceTree = "<group>"; };
		7301C2861D1946D8009D91EF /* UMSCommentInputControlleriPad.xib */ = {isa = PBXFileReference; fileEncoding = 4; lastKnownFileType = file.xib; path = UMSCommentInputControlleriPad.xib; sourceTree = "<group>"; };
		7301C2871D1946D8009D91EF /* UMShareEditViewController.xib */ = {isa = PBXFileReference; fileEncoding = 4; lastKnownFileType = file.xib; path = UMShareEditViewController.xib; sourceTree = "<group>"; };
		7301C2881D1946D8009D91EF /* UMShareEditViewControlleriPad.xib */ = {isa = PBXFileReference; fileEncoding = 4; lastKnownFileType = file.xib; path = UMShareEditViewControlleriPad.xib; sourceTree = "<group>"; };
		7301C2891D1946D8009D91EF /* UMSLoginViewController.xib */ = {isa = PBXFileReference; fileEncoding = 4; lastKnownFileType = file.xib; path = UMSLoginViewController.xib; sourceTree = "<group>"; };
		7301C28A1D1946D8009D91EF /* UMSnsAccountViewController.xib */ = {isa = PBXFileReference; fileEncoding = 4; lastKnownFileType = file.xib; path = UMSnsAccountViewController.xib; sourceTree = "<group>"; };
		7301C28B1D1946D8009D91EF /* UMSShareListController.xib */ = {isa = PBXFileReference; fileEncoding = 4; lastKnownFileType = file.xib; path = UMSShareListController.xib; sourceTree = "<group>"; };
		7301C28C1D1946D8009D91EF /* UMSocialSDKResourcesNew.bundle */ = {isa = PBXFileReference; lastKnownFileType = "wrapper.plug-in"; path = UMSocialSDKResourcesNew.bundle; sourceTree = "<group>"; };
		7301C28D1D1946D8009D91EF /* zh-Hans */ = {isa = PBXFileReference; lastKnownFileType = text.plist.strings; name = "zh-Hans"; path = "zh-Hans.lproj/UMSocialLocalizable.strings"; sourceTree = "<group>"; };
		7301C29C1D194762009D91EF /* libSocialSinaSSO.a */ = {isa = PBXFileReference; lastKnownFileType = archive.ar; path = libSocialSinaSSO.a; sourceTree = "<group>"; };
		7301C29D1D194762009D91EF /* libWeiboSDK.a */ = {isa = PBXFileReference; lastKnownFileType = archive.ar; path = libWeiboSDK.a; sourceTree = "<group>"; };
		7301C29E1D194762009D91EF /* UMSocialSinaSSOHandler.h */ = {isa = PBXFileReference; fileEncoding = 4; lastKnownFileType = sourcecode.c.h; path = UMSocialSinaSSOHandler.h; sourceTree = "<group>"; };
		7301C29F1D194762009D91EF /* WBHttpRequest+WeiboGame.h */ = {isa = PBXFileReference; fileEncoding = 4; lastKnownFileType = sourcecode.c.h; path = "WBHttpRequest+WeiboGame.h"; sourceTree = "<group>"; };
		7301C2A01D194762009D91EF /* WBHttpRequest+WeiboShare.h */ = {isa = PBXFileReference; fileEncoding = 4; lastKnownFileType = sourcecode.c.h; path = "WBHttpRequest+WeiboShare.h"; sourceTree = "<group>"; };
		7301C2A11D194762009D91EF /* WBHttpRequest+WeiboToken.h */ = {isa = PBXFileReference; fileEncoding = 4; lastKnownFileType = sourcecode.c.h; path = "WBHttpRequest+WeiboToken.h"; sourceTree = "<group>"; };
		7301C2A21D194762009D91EF /* WBHttpRequest+WeiboUser.h */ = {isa = PBXFileReference; fileEncoding = 4; lastKnownFileType = sourcecode.c.h; path = "WBHttpRequest+WeiboUser.h"; sourceTree = "<group>"; };
		7301C2A31D194762009D91EF /* WBHttpRequest.h */ = {isa = PBXFileReference; fileEncoding = 4; lastKnownFileType = sourcecode.c.h; path = WBHttpRequest.h; sourceTree = "<group>"; };
		7301C2A41D194762009D91EF /* WBSDKBasicButton.h */ = {isa = PBXFileReference; fileEncoding = 4; lastKnownFileType = sourcecode.c.h; path = WBSDKBasicButton.h; sourceTree = "<group>"; };
		7301C2A51D194762009D91EF /* WBSDKCommentButton.h */ = {isa = PBXFileReference; fileEncoding = 4; lastKnownFileType = sourcecode.c.h; path = WBSDKCommentButton.h; sourceTree = "<group>"; };
		7301C2A61D194762009D91EF /* WBSDKRelationshipButton.h */ = {isa = PBXFileReference; fileEncoding = 4; lastKnownFileType = sourcecode.c.h; path = WBSDKRelationshipButton.h; sourceTree = "<group>"; };
		7301C2A71D194762009D91EF /* WeiboSDK+Statistics.h */ = {isa = PBXFileReference; fileEncoding = 4; lastKnownFileType = sourcecode.c.h; path = "WeiboSDK+Statistics.h"; sourceTree = "<group>"; };
		7301C2A81D194762009D91EF /* WeiboSDK.bundle */ = {isa = PBXFileReference; lastKnownFileType = "wrapper.plug-in"; path = WeiboSDK.bundle; sourceTree = "<group>"; };
		7301C2A91D194762009D91EF /* WeiboSDK.h */ = {isa = PBXFileReference; fileEncoding = 4; lastKnownFileType = sourcecode.c.h; path = WeiboSDK.h; sourceTree = "<group>"; };
		7301C2AA1D194762009D91EF /* WeiboUser.h */ = {isa = PBXFileReference; fileEncoding = 4; lastKnownFileType = sourcecode.c.h; path = WeiboUser.h; sourceTree = "<group>"; };
		7301C2AC1D194762009D91EF /* libSocialQQ.a */ = {isa = PBXFileReference; lastKnownFileType = archive.ar; path = libSocialQQ.a; sourceTree = "<group>"; };
		7301C2AD1D194762009D91EF /* TencentOpenAPI.framework */ = {isa = PBXFileReference; lastKnownFileType = wrapper.framework; path = TencentOpenAPI.framework; sourceTree = "<group>"; };
		7301C2AE1D194762009D91EF /* TencentOpenApi_IOS_Bundle.bundle */ = {isa = PBXFileReference; lastKnownFileType = "wrapper.plug-in"; path = TencentOpenApi_IOS_Bundle.bundle; sourceTree = "<group>"; };
		7301C2AF1D194762009D91EF /* UMSocialQQHandler.h */ = {isa = PBXFileReference; fileEncoding = 4; lastKnownFileType = sourcecode.c.h; path = UMSocialQQHandler.h; sourceTree = "<group>"; };
		7301C2B11D194762009D91EF /* libSocialWechat.a */ = {isa = PBXFileReference; lastKnownFileType = archive.ar; path = libSocialWechat.a; sourceTree = "<group>"; };
		7301C2B21D194762009D91EF /* libWeChatSDK.a */ = {isa = PBXFileReference; lastKnownFileType = archive.ar; path = libWeChatSDK.a; sourceTree = "<group>"; };
		7301C2B31D194762009D91EF /* README.txt */ = {isa = PBXFileReference; fileEncoding = 4; lastKnownFileType = text; path = README.txt; sourceTree = "<group>"; };
		7301C2B41D194762009D91EF /* UMSocialWechatHandler.h */ = {isa = PBXFileReference; fileEncoding = 4; lastKnownFileType = sourcecode.c.h; path = UMSocialWechatHandler.h; sourceTree = "<group>"; };
		7301C2B51D194762009D91EF /* WechatAuthSDK.h */ = {isa = PBXFileReference; fileEncoding = 4; lastKnownFileType = sourcecode.c.h; path = WechatAuthSDK.h; sourceTree = "<group>"; };
		7301C2B61D194762009D91EF /* WXApi.h */ = {isa = PBXFileReference; fileEncoding = 4; lastKnownFileType = sourcecode.c.h; path = WXApi.h; sourceTree = "<group>"; };
		7301C2B71D194762009D91EF /* WXApiObject.h */ = {isa = PBXFileReference; fileEncoding = 4; lastKnownFileType = sourcecode.c.h; path = WXApiObject.h; sourceTree = "<group>"; };
		73043C7C1D07E6E800D71114 /* BTMessageChildBaseTVC.swift */ = {isa = PBXFileReference; fileEncoding = 4; lastKnownFileType = sourcecode.swift; path = BTMessageChildBaseTVC.swift; sourceTree = "<group>"; };
		73070A681CFE9FE200CBDBF7 /* UIImage+Image.h */ = {isa = PBXFileReference; fileEncoding = 4; lastKnownFileType = sourcecode.c.h; path = "UIImage+Image.h"; sourceTree = "<group>"; };
		73070A691CFE9FE200CBDBF7 /* UIImage+Image.m */ = {isa = PBXFileReference; fileEncoding = 4; lastKnownFileType = sourcecode.c.objc; path = "UIImage+Image.m"; sourceTree = "<group>"; };
		73070A6C1CFFD6C000CBDBF7 /* BTNewController.swift */ = {isa = PBXFileReference; fileEncoding = 4; lastKnownFileType = sourcecode.swift; path = BTNewController.swift; sourceTree = "<group>"; };
		731692861D1F69F100809C97 /* BTSingInTVC.swift */ = {isa = PBXFileReference; fileEncoding = 4; lastKnownFileType = sourcecode.swift; path = BTSingInTVC.swift; sourceTree = "<group>"; };
		731692891D1F6C1000809C97 /* sign_background.jpg */ = {isa = PBXFileReference; lastKnownFileType = image.jpeg; path = sign_background.jpg; sourceTree = "<group>"; };
		7316928C1D1F6C7F00809C97 /* BTSingTopView.swift */ = {isa = PBXFileReference; fileEncoding = 4; lastKnownFileType = sourcecode.swift; path = BTSingTopView.swift; sourceTree = "<group>"; };
		7316928E1D1F91DB00809C97 /* BTSingNumberCell.swift */ = {isa = PBXFileReference; fileEncoding = 4; lastKnownFileType = sourcecode.swift; path = BTSingNumberCell.swift; sourceTree = "<group>"; };
		7316928F1D1F91DB00809C97 /* BTSingNumberCell.xib */ = {isa = PBXFileReference; fileEncoding = 4; lastKnownFileType = file.xib; path = BTSingNumberCell.xib; sourceTree = "<group>"; };
		731D59BC1D046CC300B3502C /* ContentView.swift */ = {isa = PBXFileReference; fileEncoding = 4; lastKnownFileType = sourcecode.swift; path = ContentView.swift; sourceTree = "<group>"; };
		731D59BD1D046CC300B3502C /* ScrollPageView.swift */ = {isa = PBXFileReference; fileEncoding = 4; lastKnownFileType = sourcecode.swift; path = ScrollPageView.swift; sourceTree = "<group>"; };
		731D59BE1D046CC300B3502C /* ScrollSegmentView.swift */ = {isa = PBXFileReference; fileEncoding = 4; lastKnownFileType = sourcecode.swift; path = ScrollSegmentView.swift; sourceTree = "<group>"; };
		731D59BF1D046CC300B3502C /* SegmentStyle.swift */ = {isa = PBXFileReference; fileEncoding = 4; lastKnownFileType = sourcecode.swift; path = SegmentStyle.swift; sourceTree = "<group>"; };
		731D59C41D04700E00B3502C /* BTBaseTVC.swift */ = {isa = PBXFileReference; fileEncoding = 4; lastKnownFileType = sourcecode.swift; path = BTBaseTVC.swift; sourceTree = "<group>"; };
		731D59C61D05542800B3502C /* BTBaseRequestParmas.swift */ = {isa = PBXFileReference; fileEncoding = 4; lastKnownFileType = sourcecode.swift; name = BTBaseRequestParmas.swift; path = ../../Tool/BTBaseRequestParmas.swift; sourceTree = "<group>"; };
		731D59C81D055F4800B3502C /* BTHomePageData.swift */ = {isa = PBXFileReference; fileEncoding = 4; lastKnownFileType = sourcecode.swift; path = BTHomePageData.swift; sourceTree = "<group>"; };
		731D59CA1D05652400B3502C /* BTHomeTopic.swift */ = {isa = PBXFileReference; fileEncoding = 4; lastKnownFileType = sourcecode.swift; path = BTHomeTopic.swift; sourceTree = "<group>"; };
		731D59CC1D05675700B3502C /* BTHomeBanner.swift */ = {isa = PBXFileReference; fileEncoding = 4; lastKnownFileType = sourcecode.swift; path = BTHomeBanner.swift; sourceTree = "<group>"; };
		731D59CE1D0567E900B3502C /* BTCategoryElement.swift */ = {isa = PBXFileReference; fileEncoding = 4; lastKnownFileType = sourcecode.swift; path = BTCategoryElement.swift; sourceTree = "<group>"; };
		731D59D01D056BDF00B3502C /* BTHomePageDataTool.swift */ = {isa = PBXFileReference; fileEncoding = 4; lastKnownFileType = sourcecode.swift; path = BTHomePageDataTool.swift; sourceTree = "<group>"; };
		731D59D21D059CCE00B3502C /* BTHomeTopicCell.swift */ = {isa = PBXFileReference; fileEncoding = 4; lastKnownFileType = sourcecode.swift; path = BTHomeTopicCell.swift; sourceTree = "<group>"; };
		731D59D31D059CCE00B3502C /* BTHomeTopicCell.xib */ = {isa = PBXFileReference; fileEncoding = 4; lastKnownFileType = file.xib; path = BTHomeTopicCell.xib; sourceTree = "<group>"; };
		7329582C1D141E3500D2018C /* BTPopupView.swift */ = {isa = PBXFileReference; fileEncoding = 4; lastKnownFileType = sourcecode.swift; path = BTPopupView.swift; sourceTree = "<group>"; };
		735EC66C1CFD369A00D171EE /* BTReSetCell.swift */ = {isa = PBXFileReference; fileEncoding = 4; lastKnownFileType = sourcecode.swift; path = BTReSetCell.swift; sourceTree = "<group>"; };
		735EC66E1CFD398700D171EE /* BTOrderController.swift */ = {isa = PBXFileReference; fileEncoding = 4; lastKnownFileType = sourcecode.swift; path = BTOrderController.swift; sourceTree = "<group>"; };
		735EC6701CFD399400D171EE /* BTOrderController.storyboard */ = {isa = PBXFileReference; fileEncoding = 4; lastKnownFileType = file.storyboard; path = BTOrderController.storyboard; sourceTree = "<group>"; };
		735EC6721CFD3CF900D171EE /* BTOrderCell.swift */ = {isa = PBXFileReference; fileEncoding = 4; lastKnownFileType = sourcecode.swift; path = BTOrderCell.swift; sourceTree = "<group>"; };
		7386F0881D1EDB2C00F29256 /* BTArticleModel.swift */ = {isa = PBXFileReference; fileEncoding = 4; lastKnownFileType = sourcecode.swift; path = BTArticleModel.swift; sourceTree = "<group>"; };
		7386F08A1D1EDD3A00F29256 /* BTArticleVC.swift */ = {isa = PBXFileReference; fileEncoding = 4; lastKnownFileType = sourcecode.swift; path = BTArticleVC.swift; sourceTree = "<group>"; };
		7386F08B1D1EDD3A00F29256 /* BTArticleVC.xib */ = {isa = PBXFileReference; fileEncoding = 4; lastKnownFileType = file.xib; path = BTArticleVC.xib; sourceTree = "<group>"; };
		7387102D1CF2A749007D6979 /* BanTang.app */ = {isa = PBXFileReference; explicitFileType = wrapper.application; includeInIndex = 0; path = BanTang.app; sourceTree = BUILT_PRODUCTS_DIR; };
		738710301CF2A749007D6979 /* AppDelegate.swift */ = {isa = PBXFileReference; lastKnownFileType = sourcecode.swift; path = AppDelegate.swift; sourceTree = "<group>"; };
		738710371CF2A74A007D6979 /* Assets.xcassets */ = {isa = PBXFileReference; lastKnownFileType = folder.assetcatalog; path = Assets.xcassets; sourceTree = "<group>"; };
		7387103A1CF2A74A007D6979 /* Base */ = {isa = PBXFileReference; lastKnownFileType = file.storyboard; name = Base; path = Base.lproj/LaunchScreen.storyboard; sourceTree = "<group>"; };
		7387103C1CF2A74A007D6979 /* Info.plist */ = {isa = PBXFileReference; lastKnownFileType = text.plist.xml; path = Info.plist; sourceTree = "<group>"; };
		7387105B1CF2B568007D6979 /* BTMainTabBarVC.swift */ = {isa = PBXFileReference; fileEncoding = 4; lastKnownFileType = sourcecode.swift; path = BTMainTabBarVC.swift; sourceTree = "<group>"; };
		7387105D1CF2B690007D6979 /* BTHomeViewController.swift */ = {isa = PBXFileReference; fileEncoding = 4; lastKnownFileType = sourcecode.swift; path = BTHomeViewController.swift; sourceTree = "<group>"; };
		7387105F1CF2B6D0007D6979 /* BTDiscoverViewController.swift */ = {isa = PBXFileReference; fileEncoding = 4; lastKnownFileType = sourcecode.swift; path = BTDiscoverViewController.swift; sourceTree = "<group>"; };
		738710611CF2B706007D6979 /* BTMessageViewController.swift */ = {isa = PBXFileReference; fileEncoding = 4; lastKnownFileType = sourcecode.swift; path = BTMessageViewController.swift; sourceTree = "<group>"; };
		738710631CF2B776007D6979 /* BTAccountViewController.swift */ = {isa = PBXFileReference; fileEncoding = 4; lastKnownFileType = sourcecode.swift; path = BTAccountViewController.swift; sourceTree = "<group>"; };
		738710671CF2DCC6007D6979 /* BTBaseNaviController.swift */ = {isa = PBXFileReference; fileEncoding = 4; lastKnownFileType = sourcecode.swift; path = BTBaseNaviController.swift; sourceTree = "<group>"; };
		738710691CF2DF6E007D6979 /* BTTabBar.swift */ = {isa = PBXFileReference; fileEncoding = 4; lastKnownFileType = sourcecode.swift; path = BTTabBar.swift; sourceTree = "<group>"; };
		7387106D1CF30092007D6979 /* BanTang-Bridging-Header.h */ = {isa = PBXFileReference; lastKnownFileType = sourcecode.c.h; name = "BanTang-Bridging-Header.h"; path = "Classes/Other/Category/BanTang-Bridging-Header.h"; sourceTree = "<group>"; };
		7387106E1CF30093007D6979 /* UIBarButtonItem+Item.h */ = {isa = PBXFileReference; fileEncoding = 4; lastKnownFileType = sourcecode.c.h; path = "UIBarButtonItem+Item.h"; sourceTree = "<group>"; };
		7387106F1CF30093007D6979 /* UIBarButtonItem+Item.m */ = {isa = PBXFileReference; fileEncoding = 4; lastKnownFileType = sourcecode.c.objc; path = "UIBarButtonItem+Item.m"; sourceTree = "<group>"; };
		738710711CF40284007D6979 /* BTHeaderView.swift */ = {isa = PBXFileReference; fileEncoding = 4; lastKnownFileType = sourcecode.swift; name = BTHeaderView.swift; path = ../BTHeaderView.swift; sourceTree = "<group>"; };
		738710731CF40299007D6979 /* BTHeaderView.xib */ = {isa = PBXFileReference; fileEncoding = 4; lastKnownFileType = file.xib; name = BTHeaderView.xib; path = ../BTHeaderView.xib; sourceTree = "<group>"; };
		738710751CF449B5007D6979 /* BTDisTableViewCell.swift */ = {isa = PBXFileReference; fileEncoding = 4; lastKnownFileType = sourcecode.swift; name = BTDisTableViewCell.swift; path = ../BTDisTableViewCell.swift; sourceTree = "<group>"; };
		738710761CF449B5007D6979 /* BTDisTableViewCell.xib */ = {isa = PBXFileReference; fileEncoding = 4; lastKnownFileType = file.xib; name = BTDisTableViewCell.xib; path = ../BTDisTableViewCell.xib; sourceTree = "<group>"; };
		738710791CF46B85007D6979 /* BTTopicItem.swift */ = {isa = PBXFileReference; fileEncoding = 4; lastKnownFileType = sourcecode.swift; path = BTTopicItem.swift; sourceTree = "<group>"; };
		7387107B1CF47B4B007D6979 /* BTTopicUserItem.swift */ = {isa = PBXFileReference; fileEncoding = 4; lastKnownFileType = sourcecode.swift; path = BTTopicUserItem.swift; sourceTree = "<group>"; };
		73955A391CFAD48700189CA0 /* BTHotCollectionViewCell.swift */ = {isa = PBXFileReference; fileEncoding = 4; lastKnownFileType = sourcecode.swift; path = BTHotCollectionViewCell.swift; sourceTree = "<group>"; };
		73955A3A1CFAD48700189CA0 /* BTHotCollectionViewCell.xib */ = {isa = PBXFileReference; fileEncoding = 4; lastKnownFileType = file.xib; path = BTHotCollectionViewCell.xib; sourceTree = "<group>"; };
		73955A3D1CFAD5A600189CA0 /* BTHotItem.swift */ = {isa = PBXFileReference; fileEncoding = 4; lastKnownFileType = sourcecode.swift; path = BTHotItem.swift; sourceTree = "<group>"; };
		73955A3F1CFAF0F800189CA0 /* BTHotView.swift */ = {isa = PBXFileReference; fileEncoding = 4; lastKnownFileType = sourcecode.swift; path = BTHotView.swift; sourceTree = "<group>"; };
		73955A411CFAF10400189CA0 /* BTHotView.xib */ = {isa = PBXFileReference; fileEncoding = 4; lastKnownFileType = file.xib; path = BTHotView.xib; sourceTree = "<group>"; };
		7398A51F1CFC0B8D00D0B813 /* BTSettingController.swift */ = {isa = PBXFileReference; fileEncoding = 4; lastKnownFileType = sourcecode.swift; path = BTSettingController.swift; sourceTree = "<group>"; };
		7398A5211CFC0B9700D0B813 /* BTSettingController.storyboard */ = {isa = PBXFileReference; fileEncoding = 4; lastKnownFileType = file.storyboard; path = BTSettingController.storyboard; sourceTree = "<group>"; };
		7398A5231CFC363600D0B813 /* BTUserHeadView.swift */ = {isa = PBXFileReference; fileEncoding = 4; lastKnownFileType = sourcecode.swift; path = BTUserHeadView.swift; sourceTree = "<group>"; };
		7398A5251CFC364300D0B813 /* BTUserHeadView.xib */ = {isa = PBXFileReference; fileEncoding = 4; lastKnownFileType = file.xib; path = BTUserHeadView.xib; sourceTree = "<group>"; };
		7398A5271CFC407B00D0B813 /* BTMiddleView.swift */ = {isa = PBXFileReference; fileEncoding = 4; lastKnownFileType = sourcecode.swift; path = BTMiddleView.swift; sourceTree = "<group>"; };
		7398A5291CFC408300D0B813 /* BTMiddleView.xib */ = {isa = PBXFileReference; fileEncoding = 4; lastKnownFileType = file.xib; path = BTMiddleView.xib; sourceTree = "<group>"; };
		73AAC9C61D085D8F00AE5751 /* BTLoadingView.swift */ = {isa = PBXFileReference; fileEncoding = 4; lastKnownFileType = sourcecode.swift; path = BTLoadingView.swift; sourceTree = "<group>"; };
		73AAC9C81D09569E00AE5751 /* BTTitleView.swift */ = {isa = PBXFileReference; fileEncoding = 4; lastKnownFileType = sourcecode.swift; path = BTTitleView.swift; sourceTree = "<group>"; };
		73AAC9CC1D09598500AE5751 /* BTTitleBtn.swift */ = {isa = PBXFileReference; fileEncoding = 4; lastKnownFileType = sourcecode.swift; path = BTTitleBtn.swift; sourceTree = "<group>"; };
		73AAC9CE1D096A6600AE5751 /* BTProductDetailVC.swift */ = {isa = PBXFileReference; fileEncoding = 4; lastKnownFileType = sourcecode.swift; path = BTProductDetailVC.swift; sourceTree = "<group>"; };
		73AAC9D01D09727800AE5751 /* BTProductModel.swift */ = {isa = PBXFileReference; fileEncoding = 4; lastKnownFileType = sourcecode.swift; path = BTProductModel.swift; sourceTree = "<group>"; };
		73AAC9D41D09ACB900AE5751 /* UINavigationBar+Extension.h */ = {isa = PBXFileReference; fileEncoding = 4; lastKnownFileType = sourcecode.c.h; path = "UINavigationBar+Extension.h"; sourceTree = "<group>"; };
		73AAC9D51D09ACB900AE5751 /* UINavigationBar+Extension.m */ = {isa = PBXFileReference; fileEncoding = 4; lastKnownFileType = sourcecode.c.objc; path = "UINavigationBar+Extension.m"; sourceTree = "<group>"; };
		73AAC9D71D09AD0A00AE5751 /* UIColor+Extension.h */ = {isa = PBXFileReference; fileEncoding = 4; lastKnownFileType = sourcecode.c.h; path = "UIColor+Extension.h"; sourceTree = "<group>"; };
		73AAC9D81D09AD0A00AE5751 /* UIColor+Extension.m */ = {isa = PBXFileReference; fileEncoding = 4; lastKnownFileType = sourcecode.c.objc; path = "UIColor+Extension.m"; sourceTree = "<group>"; };
		73AAC9DA1D09B56700AE5751 /* BTTopicDesView.swift */ = {isa = PBXFileReference; fileEncoding = 4; lastKnownFileType = sourcecode.swift; path = BTTopicDesView.swift; sourceTree = "<group>"; };
		73AAC9E11D0AF77E00AE5751 /* BTProductCell.swift */ = {isa = PBXFileReference; fileEncoding = 4; lastKnownFileType = sourcecode.swift; path = BTProductCell.swift; sourceTree = "<group>"; };
		73AAC9E31D0BB0DB00AE5751 /* BTProductPicView.swift */ = {isa = PBXFileReference; fileEncoding = 4; lastKnownFileType = sourcecode.swift; path = BTProductPicView.swift; sourceTree = "<group>"; };
		73AAC9E51D0BF6C000AE5751 /* BTProductLikeListView.swift */ = {isa = PBXFileReference; fileEncoding = 4; lastKnownFileType = sourcecode.swift; path = BTProductLikeListView.swift; sourceTree = "<group>"; };
		73AAC9E71D0C239500AE5751 /* BTProductBottomBar.swift */ = {isa = PBXFileReference; fileEncoding = 4; lastKnownFileType = sourcecode.swift; path = BTProductBottomBar.swift; sourceTree = "<group>"; };
		73AAC9E91D0EEE2C00AE5751 /* BTCoverView.swift */ = {isa = PBXFileReference; fileEncoding = 4; lastKnownFileType = sourcecode.swift; path = BTCoverView.swift; sourceTree = "<group>"; };
		73AAC9EB1D0EF90000AE5751 /* BTShareView.swift */ = {isa = PBXFileReference; fileEncoding = 4; lastKnownFileType = sourcecode.swift; path = BTShareView.swift; sourceTree = "<group>"; };
		73AAC9ED1D0EF91400AE5751 /* BTShareView.xib */ = {isa = PBXFileReference; fileEncoding = 4; lastKnownFileType = file.xib; path = BTShareView.xib; sourceTree = "<group>"; };
		73AAC9F01D0FC8DF00AE5751 /* BTPushTransitionAnimator.swift */ = {isa = PBXFileReference; fileEncoding = 4; lastKnownFileType = sourcecode.swift; path = BTPushTransitionAnimator.swift; sourceTree = "<group>"; };
		73C1BCCE1CFDB8ED004A8952 /* ZCFileManager.h */ = {isa = PBXFileReference; fileEncoding = 4; lastKnownFileType = sourcecode.c.h; path = ZCFileManager.h; sourceTree = "<group>"; };
		73C1BCCF1CFDB8ED004A8952 /* ZCFileManager.m */ = {isa = PBXFileReference; fileEncoding = 4; lastKnownFileType = sourcecode.c.objc; path = ZCFileManager.m; sourceTree = "<group>"; };
		73CCC7EC1D165F45007E688C /* BTZhongcaoQueueTVC.swift */ = {isa = PBXFileReference; fileEncoding = 4; lastKnownFileType = sourcecode.swift; path = BTZhongcaoQueueTVC.swift; sourceTree = "<group>"; };
		73CCC7EF1D1660F1007E688C /* BTZhongcaoHeaderView.swift */ = {isa = PBXFileReference; fileEncoding = 4; lastKnownFileType = sourcecode.swift; path = BTZhongcaoHeaderView.swift; sourceTree = "<group>"; };
		73CCC7F11D166100007E688C /* BTZhongcaoFooterView.swift */ = {isa = PBXFileReference; fileEncoding = 4; lastKnownFileType = sourcecode.swift; path = BTZhongcaoFooterView.swift; sourceTree = "<group>"; };
		73CCC7F31D16611E007E688C /* BTZhongcaoCell.swift */ = {isa = PBXFileReference; fileEncoding = 4; lastKnownFileType = sourcecode.swift; path = BTZhongcaoCell.swift; sourceTree = "<group>"; };
		73CCC7F41D16611E007E688C /* BTZhongcaoCell.xib */ = {isa = PBXFileReference; fileEncoding = 4; lastKnownFileType = file.xib; path = BTZhongcaoCell.xib; sourceTree = "<group>"; };
		73CCC7F71D166535007E688C /* BTZhongcaoItem.swift */ = {isa = PBXFileReference; fileEncoding = 4; lastKnownFileType = sourcecode.swift; path = BTZhongcaoItem.swift; sourceTree = "<group>"; };
		73CCC7F91D1680F9007E688C /* BTZhongcaoHeaderView.xib */ = {isa = PBXFileReference; fileEncoding = 4; lastKnownFileType = file.xib; path = BTZhongcaoHeaderView.xib; sourceTree = "<group>"; };
		73CCC7FB1D168467007E688C /* BTZhongcaoFooterView.xib */ = {isa = PBXFileReference; fileEncoding = 4; lastKnownFileType = file.xib; path = BTZhongcaoFooterView.xib; sourceTree = "<group>"; };
		73CCC7FD1D16A6BB007E688C /* BTCreatTextVC.swift */ = {isa = PBXFileReference; fileEncoding = 4; lastKnownFileType = sourcecode.swift; path = BTCreatTextVC.swift; sourceTree = "<group>"; };
		73CCC7FE1D16A6BB007E688C /* BTCreatTextVC.xib */ = {isa = PBXFileReference; fileEncoding = 4; lastKnownFileType = file.xib; path = BTCreatTextVC.xib; sourceTree = "<group>"; };
		73CCC8011D16D9F0007E688C /* BTSearchViewController.swift */ = {isa = PBXFileReference; fileEncoding = 4; lastKnownFileType = sourcecode.swift; path = BTSearchViewController.swift; sourceTree = "<group>"; };
		73D12F9E1CF741AB008A4719 /* BTListViewController.swift */ = {isa = PBXFileReference; fileEncoding = 4; lastKnownFileType = sourcecode.swift; path = BTListViewController.swift; sourceTree = "<group>"; };
		73D12FA01CF744B6008A4719 /* BTDanpinViewController.swift */ = {isa = PBXFileReference; fileEncoding = 4; lastKnownFileType = sourcecode.swift; path = BTDanpinViewController.swift; sourceTree = "<group>"; };
		73D12FA21CF7D7E1008A4719 /* BTCategoryCell.swift */ = {isa = PBXFileReference; fileEncoding = 4; lastKnownFileType = sourcecode.swift; name = BTCategoryCell.swift; path = ../../Controller/BTCategoryCell.swift; sourceTree = "<group>"; };
		73D12FA31CF7D7E1008A4719 /* BTCategoryCell.xib */ = {isa = PBXFileReference; fileEncoding = 4; lastKnownFileType = file.xib; name = BTCategoryCell.xib; path = ../../Controller/BTCategoryCell.xib; sourceTree = "<group>"; };
		73D12FAE1CF80E21008A4719 /* BTCategoryItem.swift */ = {isa = PBXFileReference; fileEncoding = 4; lastKnownFileType = sourcecode.swift; path = BTCategoryItem.swift; sourceTree = "<group>"; };
		83010B63906DF58D502F3849 /* Pods-BanTang.debug.xcconfig */ = {isa = PBXFileReference; includeInIndex = 1; lastKnownFileType = text.xcconfig; name = "Pods-BanTang.debug.xcconfig"; path = "Pods/Target Support Files/Pods-BanTang/Pods-BanTang.debug.xcconfig"; sourceTree = "<group>"; };
/* End PBXFileReference section */

/* Begin PBXFrameworksBuildPhase section */
		7387102A1CF2A749007D6979 /* Frameworks */ = {
			isa = PBXFrameworksBuildPhase;
			buildActionMask = 2147483647;
			files = (
				7301C2BB1D194762009D91EF /* libSocialQQ.a in Frameworks */,
				7301C2BC1D194762009D91EF /* TencentOpenAPI.framework in Frameworks */,
				7301C2BF1D194762009D91EF /* libWeChatSDK.a in Frameworks */,
				7301C2711D18FE64009D91EF /* libz.tbd in Frameworks */,
				7301C26F1D18FE54009D91EF /* libstdc++.tbd in Frameworks */,
				7301C28F1D1946D8009D91EF /* libUMSocial_Sdk_5.2.1.a in Frameworks */,
				7301C2B91D194762009D91EF /* libWeiboSDK.a in Frameworks */,
				7301C2BE1D194762009D91EF /* libSocialWechat.a in Frameworks */,
				7301C26D1D18FE46009D91EF /* CoreTelephony.framework in Frameworks */,
				7301C2901D1946D8009D91EF /* libUMSocial_Sdk_Comment_5.2.1.a in Frameworks */,
				7301C26B1D18FE3B009D91EF /* libsqlite3.tbd in Frameworks */,
				7301C2691D18FE22009D91EF /* CoreGraphics.framework in Frameworks */,
				7301C2611D18FD2A009D91EF /* SystemConfiguration.framework in Frameworks */,
				7301C2671D18FE03009D91EF /* libiconv.tbd in Frameworks */,
				7301C2651D18FDEE009D91EF /* Security.framework in Frameworks */,
				7301C2631D18FDCB009D91EF /* ImageIO.framework in Frameworks */,
				35724E10ED634AD0DF12CF74 /* Pods_BanTang.framework in Frameworks */,
				7301C2B81D194762009D91EF /* libSocialSinaSSO.a in Frameworks */,
			);
			runOnlyForDeploymentPostprocessing = 0;
		};
/* End PBXFrameworksBuildPhase section */

/* Begin PBXGroup section */
		7301C2471D179AF0009D91EF /* 搜索 */ = {
			isa = PBXGroup;
			children = (
				7301C2481D179B19009D91EF /* BTSearchListModel.swift */,
				7301C24A1D179B38009D91EF /* BTSearchDanpinModel.swift */,
			);
			path = "搜索";
			sourceTree = "<group>";
		};
		7301C24C1D17A0CD009D91EF /* 搜索界面 */ = {
			isa = PBXGroup;
			children = (
				7301C24D1D17A101009D91EF /* BTSearchDanpinViewController.swift */,
				7301C25A1D17DAE3009D91EF /* BTSearchListVC.swift */,
			);
			path = "搜索界面";
			sourceTree = "<group>";
		};
		7301C2511D17B11D009D91EF /* 搜索Cell */ = {
			isa = PBXGroup;
			children = (
				7301C2521D17B155009D91EF /* BTSearchCategoryTableViewCell.swift */,
				7301C2531D17B155009D91EF /* BTSearchCategoryTableViewCell.xib */,
				7301C2561D17BD0F009D91EF /* BTSearchCategoryRightCell.swift */,
				7301C2571D17BD0F009D91EF /* BTSearchCategoryRightCell.xib */,
				7301C25C1D17E364009D91EF /* BTSearchListCell.swift */,
				7301C25D1D17E364009D91EF /* BTSearchListCell.xib */,
			);
			path = "搜索Cell";
			sourceTree = "<group>";
		};
		7301C2721D1946D8009D91EF /* UMSocial_Sdk_5.2.1 */ = {
			isa = PBXGroup;
			children = (
				7301C2731D1946D8009D91EF /* UMSocialLocalizable.strings */,
				7301C2751D1946D8009D91EF /* Header */,
				7301C2811D1946D8009D91EF /* libUMSocial_Sdk_5.2.1.a */,
				7301C2821D1946D8009D91EF /* libUMSocial_Sdk_Comment_5.2.1.a */,
				7301C2831D1946D8009D91EF /* SocialSDKXib */,
				7301C28C1D1946D8009D91EF /* UMSocialSDKResourcesNew.bundle */,
			);
			path = UMSocial_Sdk_5.2.1;
			sourceTree = "<group>";
		};
		7301C2751D1946D8009D91EF /* Header */ = {
			isa = PBXGroup;
			children = (
				7301C2761D1946D8009D91EF /* UMSocial.h */,
				7301C2771D1946D8009D91EF /* UMSocialAccountManager.h */,
				7301C2781D1946D8009D91EF /* UMSocialBar.h */,
				7301C2791D1946D8009D91EF /* UMSocialConfig.h */,
				7301C27A1D1946D8009D91EF /* UMSocialControllerService.h */,
				7301C27B1D1946D8009D91EF /* UMSocialControllerServiceComment.h */,
				7301C27C1D1946D8009D91EF /* UMSocialData.h */,
				7301C27D1D1946D8009D91EF /* UMSocialDataService.h */,
				7301C27E1D1946D8009D91EF /* UMSocialSnsData.h */,
				7301C27F1D1946D8009D91EF /* UMSocialSnsPlatformManager.h */,
				7301C2801D1946D8009D91EF /* UMSocialSnsService.h */,
			);
			path = Header;
			sourceTree = "<group>";
		};
		7301C2831D1946D8009D91EF /* SocialSDKXib */ = {
			isa = PBXGroup;
			children = (
				7301C2841D1946D8009D91EF /* UMSCommentDetailController.xib */,
				7301C2851D1946D8009D91EF /* UMSCommentInputController.xib */,
				7301C2861D1946D8009D91EF /* UMSCommentInputControlleriPad.xib */,
				7301C2871D1946D8009D91EF /* UMShareEditViewController.xib */,
				7301C2881D1946D8009D91EF /* UMShareEditViewControlleriPad.xib */,
				7301C2891D1946D8009D91EF /* UMSLoginViewController.xib */,
				7301C28A1D1946D8009D91EF /* UMSnsAccountViewController.xib */,
				7301C28B1D1946D8009D91EF /* UMSShareListController.xib */,
			);
			path = SocialSDKXib;
			sourceTree = "<group>";
		};
		7301C29A1D194762009D91EF /* UMSocial_Sdk_Extra_Frameworks */ = {
			isa = PBXGroup;
			children = (
				7301C29B1D194762009D91EF /* SinaSSO */,
				7301C2AB1D194762009D91EF /* TencentOpenAPI */,
				7301C2B01D194762009D91EF /* Wechat */,
			);
			path = UMSocial_Sdk_Extra_Frameworks;
			sourceTree = "<group>";
		};
		7301C29B1D194762009D91EF /* SinaSSO */ = {
			isa = PBXGroup;
			children = (
				7301C29C1D194762009D91EF /* libSocialSinaSSO.a */,
				7301C29D1D194762009D91EF /* libWeiboSDK.a */,
				7301C29E1D194762009D91EF /* UMSocialSinaSSOHandler.h */,
				7301C29F1D194762009D91EF /* WBHttpRequest+WeiboGame.h */,
				7301C2A01D194762009D91EF /* WBHttpRequest+WeiboShare.h */,
				7301C2A11D194762009D91EF /* WBHttpRequest+WeiboToken.h */,
				7301C2A21D194762009D91EF /* WBHttpRequest+WeiboUser.h */,
				7301C2A31D194762009D91EF /* WBHttpRequest.h */,
				7301C2A41D194762009D91EF /* WBSDKBasicButton.h */,
				7301C2A51D194762009D91EF /* WBSDKCommentButton.h */,
				7301C2A61D194762009D91EF /* WBSDKRelationshipButton.h */,
				7301C2A71D194762009D91EF /* WeiboSDK+Statistics.h */,
				7301C2A81D194762009D91EF /* WeiboSDK.bundle */,
				7301C2A91D194762009D91EF /* WeiboSDK.h */,
				7301C2AA1D194762009D91EF /* WeiboUser.h */,
			);
			path = SinaSSO;
			sourceTree = "<group>";
		};
		7301C2AB1D194762009D91EF /* TencentOpenAPI */ = {
			isa = PBXGroup;
			children = (
				7301C2AC1D194762009D91EF /* libSocialQQ.a */,
				7301C2AD1D194762009D91EF /* TencentOpenAPI.framework */,
				7301C2AE1D194762009D91EF /* TencentOpenApi_IOS_Bundle.bundle */,
				7301C2AF1D194762009D91EF /* UMSocialQQHandler.h */,
			);
			path = TencentOpenAPI;
			sourceTree = "<group>";
		};
		7301C2B01D194762009D91EF /* Wechat */ = {
			isa = PBXGroup;
			children = (
				7301C2B11D194762009D91EF /* libSocialWechat.a */,
				7301C2B21D194762009D91EF /* libWeChatSDK.a */,
				7301C2B31D194762009D91EF /* README.txt */,
				7301C2B41D194762009D91EF /* UMSocialWechatHandler.h */,
				7301C2B51D194762009D91EF /* WechatAuthSDK.h */,
				7301C2B61D194762009D91EF /* WXApi.h */,
				7301C2B71D194762009D91EF /* WXApiObject.h */,
			);
			path = Wechat;
			sourceTree = "<group>";
		};
		73043C7B1D07E67C00D71114 /* ChildController */ = {
			isa = PBXGroup;
			children = (
				73043C7C1D07E6E800D71114 /* BTMessageChildBaseTVC.swift */,
			);
			path = ChildController;
			sourceTree = "<group>";
		};
		73070A6B1CFFD69E00CBDBF7 /* ChildViewController */ = {
			isa = PBXGroup;
			children = (
				73070A6C1CFFD6C000CBDBF7 /* BTNewController.swift */,
				731D59C41D04700E00B3502C /* BTBaseTVC.swift */,
			);
			path = ChildViewController;
			sourceTree = "<group>";
		};
		731692881D1F6C0100809C97 /* 图片资源 */ = {
			isa = PBXGroup;
			children = (
				731692891D1F6C1000809C97 /* sign_background.jpg */,
			);
			path = "图片资源";
			sourceTree = "<group>";
		};
		7316928B1D1F6C3D00809C97 /* 签到界面 */ = {
			isa = PBXGroup;
			children = (
				7316928C1D1F6C7F00809C97 /* BTSingTopView.swift */,
				7316928E1D1F91DB00809C97 /* BTSingNumberCell.swift */,
				7316928F1D1F91DB00809C97 /* BTSingNumberCell.xib */,
			);
			path = "签到界面";
			sourceTree = "<group>";
		};
		731D59BB1D046CC300B3502C /* ScrollPageView */ = {
			isa = PBXGroup;
			children = (
				731D59BC1D046CC300B3502C /* ContentView.swift */,
				731D59BD1D046CC300B3502C /* ScrollPageView.swift */,
				731D59BE1D046CC300B3502C /* ScrollSegmentView.swift */,
				731D59BF1D046CC300B3502C /* SegmentStyle.swift */,
			);
			path = ScrollPageView;
			sourceTree = "<group>";
		};
		738710241CF2A749007D6979 = {
			isa = PBXGroup;
			children = (
				7387102F1CF2A749007D6979 /* BanTang */,
				7387102E1CF2A749007D6979 /* Products */,
				E3470DCB95A8F5070B803F84 /* Pods */,
				8D5ED11B9233C156C6C22687 /* Frameworks */,
			);
			sourceTree = "<group>";
		};
		7387102E1CF2A749007D6979 /* Products */ = {
			isa = PBXGroup;
			children = (
				7387102D1CF2A749007D6979 /* BanTang.app */,
			);
			name = Products;
			sourceTree = "<group>";
		};
		7387102F1CF2A749007D6979 /* BanTang */ = {
			isa = PBXGroup;
			children = (
				738710301CF2A749007D6979 /* AppDelegate.swift */,
				7387106D1CF30092007D6979 /* BanTang-Bridging-Header.h */,
				7301C29A1D194762009D91EF /* UMSocial_Sdk_Extra_Frameworks */,
				7301C2721D1946D8009D91EF /* UMSocial_Sdk_5.2.1 */,
				738710421CF2A8FC007D6979 /* Classes */,
				738710371CF2A74A007D6979 /* Assets.xcassets */,
				731692881D1F6C0100809C97 /* 图片资源 */,
				738710391CF2A74A007D6979 /* LaunchScreen.storyboard */,
				7387103C1CF2A74A007D6979 /* Info.plist */,
			);
			path = BanTang;
			sourceTree = "<group>";
		};
		738710421CF2A8FC007D6979 /* Classes */ = {
			isa = PBXGroup;
			children = (
				73C1BCCB1CFDB3A1004A8952 /* Tool */,
				7387106B1CF3007A007D6979 /* Other */,
				738710571CF2AE0A007D6979 /* Main */,
				738710471CF2A8FC007D6979 /* Home主页 */,
				738710531CF2A8FC007D6979 /* Discover发现 */,
				7387104F1CF2A8FC007D6979 /* Photo照片 */,
				7387104B1CF2A8FC007D6979 /* Message消息 */,
				738710431CF2A8FC007D6979 /* Account账号 */,
			);
			path = Classes;
			sourceTree = "<group>";
		};
		738710431CF2A8FC007D6979 /* Account账号 */ = {
			isa = PBXGroup;
			children = (
				738710441CF2A8FC007D6979 /* Controller */,
				738710451CF2A8FC007D6979 /* Model */,
				738710461CF2A8FC007D6979 /* View */,
			);
			name = "Account账号";
			path = Account;
			sourceTree = "<group>";
		};
		738710441CF2A8FC007D6979 /* Controller */ = {
			isa = PBXGroup;
			children = (
				738710631CF2B776007D6979 /* BTAccountViewController.swift */,
				7398A51F1CFC0B8D00D0B813 /* BTSettingController.swift */,
				7398A5211CFC0B9700D0B813 /* BTSettingController.storyboard */,
				735EC66E1CFD398700D171EE /* BTOrderController.swift */,
				735EC6701CFD399400D171EE /* BTOrderController.storyboard */,
			);
			path = Controller;
			sourceTree = "<group>";
		};
		738710451CF2A8FC007D6979 /* Model */ = {
			isa = PBXGroup;
			children = (
			);
			path = Model;
			sourceTree = "<group>";
		};
		738710461CF2A8FC007D6979 /* View */ = {
			isa = PBXGroup;
			children = (
				7398A5231CFC363600D0B813 /* BTUserHeadView.swift */,
				7398A5251CFC364300D0B813 /* BTUserHeadView.xib */,
				7398A5271CFC407B00D0B813 /* BTMiddleView.swift */,
				7398A5291CFC408300D0B813 /* BTMiddleView.xib */,
				735EC66C1CFD369A00D171EE /* BTReSetCell.swift */,
				735EC6721CFD3CF900D171EE /* BTOrderCell.swift */,
			);
			path = View;
			sourceTree = "<group>";
		};
		738710471CF2A8FC007D6979 /* Home主页 */ = {
			isa = PBXGroup;
			children = (
				731D59BB1D046CC300B3502C /* ScrollPageView */,
				738710481CF2A8FC007D6979 /* Controller */,
				738710491CF2A8FC007D6979 /* Model */,
				7387104A1CF2A8FC007D6979 /* View */,
			);
			name = "Home主页";
			path = Home;
			sourceTree = "<group>";
		};
		738710481CF2A8FC007D6979 /* Controller */ = {
			isa = PBXGroup;
			children = (
				7301C24C1D17A0CD009D91EF /* 搜索界面 */,
				73AAC9EF1D0FC8BE00AE5751 /* Animator转场动画 */,
				73070A6B1CFFD69E00CBDBF7 /* ChildViewController */,
				7387105D1CF2B690007D6979 /* BTHomeViewController.swift */,
				73AAC9CE1D096A6600AE5751 /* BTProductDetailVC.swift */,
				73CCC8011D16D9F0007E688C /* BTSearchViewController.swift */,
				731692861D1F69F100809C97 /* BTSingInTVC.swift */,
			);
			path = Controller;
			sourceTree = "<group>";
		};
		738710491CF2A8FC007D6979 /* Model */ = {
			isa = PBXGroup;
			children = (
				7301C2471D179AF0009D91EF /* 搜索 */,
				731D59C61D05542800B3502C /* BTBaseRequestParmas.swift */,
				731D59C81D055F4800B3502C /* BTHomePageData.swift */,
				731D59CA1D05652400B3502C /* BTHomeTopic.swift */,
				731D59CC1D05675700B3502C /* BTHomeBanner.swift */,
				731D59CE1D0567E900B3502C /* BTCategoryElement.swift */,
				73AAC9D01D09727800AE5751 /* BTProductModel.swift */,
			);
			path = Model;
			sourceTree = "<group>";
		};
		7387104A1CF2A8FC007D6979 /* View */ = {
			isa = PBXGroup;
			children = (
				7316928B1D1F6C3D00809C97 /* 签到界面 */,
				7301C2511D17B11D009D91EF /* 搜索Cell */,
				73AAC9E01D0AF74500AE5751 /* 购物清单cell */,
				731D59D21D059CCE00B3502C /* BTHomeTopicCell.swift */,
				731D59D31D059CCE00B3502C /* BTHomeTopicCell.xib */,
				73AAC9C81D09569E00AE5751 /* BTTitleView.swift */,
				73AAC9CC1D09598500AE5751 /* BTTitleBtn.swift */,
				73AAC9DA1D09B56700AE5751 /* BTTopicDesView.swift */,
				73AAC9E91D0EEE2C00AE5751 /* BTCoverView.swift */,
				73AAC9EB1D0EF90000AE5751 /* BTShareView.swift */,
				73AAC9ED1D0EF91400AE5751 /* BTShareView.xib */,
			);
			path = View;
			sourceTree = "<group>";
		};
		7387104B1CF2A8FC007D6979 /* Message消息 */ = {
			isa = PBXGroup;
			children = (
				7387104C1CF2A8FC007D6979 /* Controller */,
				7387104D1CF2A8FC007D6979 /* Model */,
				7387104E1CF2A8FC007D6979 /* View */,
			);
			name = "Message消息";
			path = Message;
			sourceTree = "<group>";
		};
		7387104C1CF2A8FC007D6979 /* Controller */ = {
			isa = PBXGroup;
			children = (
				73043C7B1D07E67C00D71114 /* ChildController */,
				738710611CF2B706007D6979 /* BTMessageViewController.swift */,
			);
			path = Controller;
			sourceTree = "<group>";
		};
		7387104D1CF2A8FC007D6979 /* Model */ = {
			isa = PBXGroup;
			children = (
			);
			path = Model;
			sourceTree = "<group>";
		};
		7387104E1CF2A8FC007D6979 /* View */ = {
			isa = PBXGroup;
			children = (
			);
			path = View;
			sourceTree = "<group>";
		};
		7387104F1CF2A8FC007D6979 /* Photo照片 */ = {
			isa = PBXGroup;
			children = (
				738710501CF2A8FC007D6979 /* Controller */,
				738710511CF2A8FC007D6979 /* Model */,
				738710521CF2A8FC007D6979 /* View */,
			);
			name = "Photo照片";
			path = Photo;
			sourceTree = "<group>";
		};
		738710501CF2A8FC007D6979 /* Controller */ = {
			isa = PBXGroup;
			children = (
			);
			path = Controller;
			sourceTree = "<group>";
		};
		738710511CF2A8FC007D6979 /* Model */ = {
			isa = PBXGroup;
			children = (
			);
			path = Model;
			sourceTree = "<group>";
		};
		738710521CF2A8FC007D6979 /* View */ = {
			isa = PBXGroup;
			children = (
			);
			path = View;
			sourceTree = "<group>";
		};
		738710531CF2A8FC007D6979 /* Discover发现 */ = {
			isa = PBXGroup;
			children = (
				738710541CF2A8FC007D6979 /* Controller */,
				738710551CF2A8FC007D6979 /* Model */,
				738710561CF2A8FC007D6979 /* View */,
			);
			name = "Discover发现";
			path = Web;
			sourceTree = "<group>";
		};
		738710541CF2A8FC007D6979 /* Controller */ = {
			isa = PBXGroup;
			children = (
				7387105F1CF2B6D0007D6979 /* BTDiscoverViewController.swift */,
				73D12F9E1CF741AB008A4719 /* BTListViewController.swift */,
				73D12FA01CF744B6008A4719 /* BTDanpinViewController.swift */,
				73CCC7EC1D165F45007E688C /* BTZhongcaoQueueTVC.swift */,
				73CCC7FD1D16A6BB007E688C /* BTCreatTextVC.swift */,
				73CCC7FE1D16A6BB007E688C /* BTCreatTextVC.xib */,
				7386F08A1D1EDD3A00F29256 /* BTArticleVC.swift */,
				7386F08B1D1EDD3A00F29256 /* BTArticleVC.xib */,
			);
			path = Controller;
			sourceTree = "<group>";
		};
		738710551CF2A8FC007D6979 /* Model */ = {
			isa = PBXGroup;
			children = (
				738710791CF46B85007D6979 /* BTTopicItem.swift */,
				7387107B1CF47B4B007D6979 /* BTTopicUserItem.swift */,
				73D12FAE1CF80E21008A4719 /* BTCategoryItem.swift */,
				73955A3D1CFAD5A600189CA0 /* BTHotItem.swift */,
				73CCC7F71D166535007E688C /* BTZhongcaoItem.swift */,
				7386F0881D1EDB2C00F29256 /* BTArticleModel.swift */,
			);
			path = Model;
			sourceTree = "<group>";
		};
		738710561CF2A8FC007D6979 /* View */ = {
			isa = PBXGroup;
			children = (
				73CCC7EE1D1660C7007E688C /* zhongcao种草小分队 */,
				73D12FAC1CF80D68008A4719 /* Danpin单品 */,
				73D12FAD1CF80D68008A4719 /* List清单 */,
				7329582C1D141E3500D2018C /* BTPopupView.swift */,
			);
			path = View;
			sourceTree = "<group>";
		};
		738710571CF2AE0A007D6979 /* Main */ = {
			isa = PBXGroup;
			children = (
				738710581CF2AE0A007D6979 /* Controller */,
				738710591CF2AE0A007D6979 /* Model */,
				7387105A1CF2AE0A007D6979 /* View */,
			);
			path = Main;
			sourceTree = "<group>";
		};
		738710581CF2AE0A007D6979 /* Controller */ = {
			isa = PBXGroup;
			children = (
				7387105B1CF2B568007D6979 /* BTMainTabBarVC.swift */,
				738710671CF2DCC6007D6979 /* BTBaseNaviController.swift */,
			);
			path = Controller;
			sourceTree = "<group>";
		};
		738710591CF2AE0A007D6979 /* Model */ = {
			isa = PBXGroup;
			children = (
			);
			path = Model;
			sourceTree = "<group>";
		};
		7387105A1CF2AE0A007D6979 /* View */ = {
			isa = PBXGroup;
			children = (
				738710691CF2DF6E007D6979 /* BTTabBar.swift */,
				73AAC9C61D085D8F00AE5751 /* BTLoadingView.swift */,
			);
			path = View;
			sourceTree = "<group>";
		};
		7387106B1CF3007A007D6979 /* Other */ = {
			isa = PBXGroup;
			children = (
				7387106C1CF3007A007D6979 /* Category */,
			);
			path = Other;
			sourceTree = "<group>";
		};
		7387106C1CF3007A007D6979 /* Category */ = {
			isa = PBXGroup;
			children = (
				73070A681CFE9FE200CBDBF7 /* UIImage+Image.h */,
				73070A691CFE9FE200CBDBF7 /* UIImage+Image.m */,
				7387106E1CF30093007D6979 /* UIBarButtonItem+Item.h */,
				7387106F1CF30093007D6979 /* UIBarButtonItem+Item.m */,
				73AAC9D41D09ACB900AE5751 /* UINavigationBar+Extension.h */,
				73AAC9D51D09ACB900AE5751 /* UINavigationBar+Extension.m */,
				73AAC9D71D09AD0A00AE5751 /* UIColor+Extension.h */,
				73AAC9D81D09AD0A00AE5751 /* UIColor+Extension.m */,
			);
			path = Category;
			sourceTree = "<group>";
		};
		73AAC9E01D0AF74500AE5751 /* 购物清单cell */ = {
			isa = PBXGroup;
			children = (
				73AAC9E11D0AF77E00AE5751 /* BTProductCell.swift */,
				73AAC9E31D0BB0DB00AE5751 /* BTProductPicView.swift */,
				73AAC9E51D0BF6C000AE5751 /* BTProductLikeListView.swift */,
				73AAC9E71D0C239500AE5751 /* BTProductBottomBar.swift */,
			);
			path = "购物清单cell";
			sourceTree = "<group>";
		};
		73AAC9EF1D0FC8BE00AE5751 /* Animator转场动画 */ = {
			isa = PBXGroup;
			children = (
				73AAC9F01D0FC8DF00AE5751 /* BTPushTransitionAnimator.swift */,
			);
			path = "Animator转场动画";
			sourceTree = "<group>";
		};
		73C1BCCB1CFDB3A1004A8952 /* Tool */ = {
			isa = PBXGroup;
			children = (
				73C1BCCE1CFDB8ED004A8952 /* ZCFileManager.h */,
				73C1BCCF1CFDB8ED004A8952 /* ZCFileManager.m */,
				731D59D01D056BDF00B3502C /* BTHomePageDataTool.swift */,
			);
			path = Tool;
			sourceTree = "<group>";
		};
		73CCC7EE1D1660C7007E688C /* zhongcao种草小分队 */ = {
			isa = PBXGroup;
			children = (
				73CCC7EF1D1660F1007E688C /* BTZhongcaoHeaderView.swift */,
				73CCC7F91D1680F9007E688C /* BTZhongcaoHeaderView.xib */,
				73CCC7F11D166100007E688C /* BTZhongcaoFooterView.swift */,
				73CCC7FB1D168467007E688C /* BTZhongcaoFooterView.xib */,
				73CCC7F31D16611E007E688C /* BTZhongcaoCell.swift */,
				73CCC7F41D16611E007E688C /* BTZhongcaoCell.xib */,
			);
			path = "zhongcao种草小分队";
			sourceTree = "<group>";
		};
		73D12FAC1CF80D68008A4719 /* Danpin单品 */ = {
			isa = PBXGroup;
			children = (
				73D12FA21CF7D7E1008A4719 /* BTCategoryCell.swift */,
				73D12FA31CF7D7E1008A4719 /* BTCategoryCell.xib */,
				73955A391CFAD48700189CA0 /* BTHotCollectionViewCell.swift */,
				73955A3A1CFAD48700189CA0 /* BTHotCollectionViewCell.xib */,
				73955A3F1CFAF0F800189CA0 /* BTHotView.swift */,
				73955A411CFAF10400189CA0 /* BTHotView.xib */,
			);
			name = "Danpin单品";
			path = Danpin;
			sourceTree = "<group>";
		};
		73D12FAD1CF80D68008A4719 /* List清单 */ = {
			isa = PBXGroup;
			children = (
				738710711CF40284007D6979 /* BTHeaderView.swift */,
				738710731CF40299007D6979 /* BTHeaderView.xib */,
				738710751CF449B5007D6979 /* BTDisTableViewCell.swift */,
				738710761CF449B5007D6979 /* BTDisTableViewCell.xib */,
			);
			name = "List清单";
			path = List;
			sourceTree = "<group>";
		};
		8D5ED11B9233C156C6C22687 /* Frameworks */ = {
			isa = PBXGroup;
			children = (
				7301C2701D18FE64009D91EF /* libz.tbd */,
				7301C26E1D18FE54009D91EF /* libstdc++.tbd */,
				7301C26C1D18FE46009D91EF /* CoreTelephony.framework */,
				7301C26A1D18FE3B009D91EF /* libsqlite3.tbd */,
				7301C2681D18FE22009D91EF /* CoreGraphics.framework */,
				7301C2661D18FE03009D91EF /* libiconv.tbd */,
				7301C2641D18FDEE009D91EF /* Security.framework */,
				7301C2621D18FDCB009D91EF /* ImageIO.framework */,
				7301C2601D18FD2A009D91EF /* SystemConfiguration.framework */,
				20C1529032ADECFDBF01B63F /* Pods_BanTang.framework */,
			);
			name = Frameworks;
			sourceTree = "<group>";
		};
		E3470DCB95A8F5070B803F84 /* Pods */ = {
			isa = PBXGroup;
			children = (
				83010B63906DF58D502F3849 /* Pods-BanTang.debug.xcconfig */,
				67BC2053EB2595D37723139E /* Pods-BanTang.release.xcconfig */,
			);
			name = Pods;
			sourceTree = "<group>";
		};
/* End PBXGroup section */

/* Begin PBXNativeTarget section */
		7387102C1CF2A749007D6979 /* BanTang */ = {
			isa = PBXNativeTarget;
			buildConfigurationList = 7387103F1CF2A74A007D6979 /* Build configuration list for PBXNativeTarget "BanTang" */;
			buildPhases = (
				6AE03EFC66800DE810132363 /* 📦 Check Pods Manifest.lock */,
				738710291CF2A749007D6979 /* Sources */,
				7387102A1CF2A749007D6979 /* Frameworks */,
				7387102B1CF2A749007D6979 /* Resources */,
				B43FA7EF01B74D131D15C487 /* 📦 Embed Pods Frameworks */,
				B93D7EC2291207404B0A4AFF /* 📦 Copy Pods Resources */,
			);
			buildRules = (
			);
			dependencies = (
			);
			name = BanTang;
			productName = BanTang;
			productReference = 7387102D1CF2A749007D6979 /* BanTang.app */;
			productType = "com.apple.product-type.application";
		};
/* End PBXNativeTarget section */

/* Begin PBXProject section */
		738710251CF2A749007D6979 /* Project object */ = {
			isa = PBXProject;
			attributes = {
				LastSwiftUpdateCheck = 0730;
				LastUpgradeCheck = 0730;
				ORGANIZATIONNAME = "张灿";
				TargetAttributes = {
					7387102C1CF2A749007D6979 = {
						CreatedOnToolsVersion = 7.3.1;
						DevelopmentTeam = 5426CMU8GP;
					};
				};
			};
			buildConfigurationList = 738710281CF2A749007D6979 /* Build configuration list for PBXProject "BanTang" */;
			compatibilityVersion = "Xcode 3.2";
			developmentRegion = English;
			hasScannedForEncodings = 0;
			knownRegions = (
				en,
				Base,
				"zh-Hans",
			);
			mainGroup = 738710241CF2A749007D6979;
			productRefGroup = 7387102E1CF2A749007D6979 /* Products */;
			projectDirPath = "";
			projectRoot = "";
			targets = (
				7387102C1CF2A749007D6979 /* BanTang */,
			);
		};
/* End PBXProject section */

/* Begin PBXResourcesBuildPhase section */
		7387102B1CF2A749007D6979 /* Resources */ = {
			isa = PBXResourcesBuildPhase;
			buildActionMask = 2147483647;
			files = (
				7301C2BA1D194762009D91EF /* WeiboSDK.bundle in Resources */,
				7386F08D1D1EDD3A00F29256 /* BTArticleVC.xib in Resources */,
				73CCC7F61D16611E007E688C /* BTZhongcaoCell.xib in Resources */,
				7301C25F1D17E364009D91EF /* BTSearchListCell.xib in Resources */,
				738710781CF449B5007D6979 /* BTDisTableViewCell.xib in Resources */,
				73CCC7FC1D168467007E688C /* BTZhongcaoFooterView.xib in Resources */,
				7301C2951D1946D8009D91EF /* UMShareEditViewControlleriPad.xib in Resources */,
				7301C2911D1946D8009D91EF /* UMSCommentDetailController.xib in Resources */,
				7387103B1CF2A74A007D6979 /* LaunchScreen.storyboard in Resources */,
				73CCC8001D16A6BB007E688C /* BTCreatTextVC.xib in Resources */,
				73955A421CFAF10400189CA0 /* BTHotView.xib in Resources */,
				738710381CF2A74A007D6979 /* Assets.xcassets in Resources */,
				7301C2921D1946D8009D91EF /* UMSCommentInputController.xib in Resources */,
				73D12FA51CF7D7E1008A4719 /* BTCategoryCell.xib in Resources */,
				7301C2C01D194762009D91EF /* README.txt in Resources */,
				7316928A1D1F6C1000809C97 /* sign_background.jpg in Resources */,
				7398A52A1CFC408300D0B813 /* BTMiddleView.xib in Resources */,
				7301C2971D1946D8009D91EF /* UMSnsAccountViewController.xib in Resources */,
				7301C2931D1946D8009D91EF /* UMSCommentInputControlleriPad.xib in Resources */,
				7301C2BD1D194762009D91EF /* TencentOpenApi_IOS_Bundle.bundle in Resources */,
				7301C2591D17BD0F009D91EF /* BTSearchCategoryRightCell.xib in Resources */,
				731692911D1F91DB00809C97 /* BTSingNumberCell.xib in Resources */,
				73AAC9EE1D0EF91400AE5751 /* BTShareView.xib in Resources */,
				7398A5221CFC0B9700D0B813 /* BTSettingController.storyboard in Resources */,
				735EC6711CFD399400D171EE /* BTOrderController.storyboard in Resources */,
				7398A5261CFC364300D0B813 /* BTUserHeadView.xib in Resources */,
				738710741CF40299007D6979 /* BTHeaderView.xib in Resources */,
				731D59D51D059CCE00B3502C /* BTHomeTopicCell.xib in Resources */,
				7301C2981D1946D8009D91EF /* UMSShareListController.xib in Resources */,
				73CCC7FA1D1680F9007E688C /* BTZhongcaoHeaderView.xib in Resources */,
				7301C2991D1946D8009D91EF /* UMSocialSDKResourcesNew.bundle in Resources */,
				7301C2551D17B155009D91EF /* BTSearchCategoryTableViewCell.xib in Resources */,
				7301C2961D1946D8009D91EF /* UMSLoginViewController.xib in Resources */,
				73955A3C1CFAD48700189CA0 /* BTHotCollectionViewCell.xib in Resources */,
				7301C28E1D1946D8009D91EF /* UMSocialLocalizable.strings in Resources */,
				7301C2941D1946D8009D91EF /* UMShareEditViewController.xib in Resources */,
			);
			runOnlyForDeploymentPostprocessing = 0;
		};
/* End PBXResourcesBuildPhase section */

/* Begin PBXShellScriptBuildPhase section */
		6AE03EFC66800DE810132363 /* 📦 Check Pods Manifest.lock */ = {
			isa = PBXShellScriptBuildPhase;
			buildActionMask = 2147483647;
			files = (
			);
			inputPaths = (
			);
			name = "📦 Check Pods Manifest.lock";
			outputPaths = (
			);
			runOnlyForDeploymentPostprocessing = 0;
			shellPath = /bin/sh;
			shellScript = "diff \"${PODS_ROOT}/../Podfile.lock\" \"${PODS_ROOT}/Manifest.lock\" > /dev/null\nif [[ $? != 0 ]] ; then\n    cat << EOM\nerror: The sandbox is not in sync with the Podfile.lock. Run 'pod install' or update your CocoaPods installation.\nEOM\n    exit 1\nfi\n";
			showEnvVarsInLog = 0;
		};
		B43FA7EF01B74D131D15C487 /* 📦 Embed Pods Frameworks */ = {
			isa = PBXShellScriptBuildPhase;
			buildActionMask = 2147483647;
			files = (
			);
			inputPaths = (
			);
			name = "📦 Embed Pods Frameworks";
			outputPaths = (
			);
			runOnlyForDeploymentPostprocessing = 0;
			shellPath = /bin/sh;
			shellScript = "\"${SRCROOT}/Pods/Target Support Files/Pods-BanTang/Pods-BanTang-frameworks.sh\"\n";
			showEnvVarsInLog = 0;
		};
		B93D7EC2291207404B0A4AFF /* 📦 Copy Pods Resources */ = {
			isa = PBXShellScriptBuildPhase;
			buildActionMask = 2147483647;
			files = (
			);
			inputPaths = (
			);
			name = "📦 Copy Pods Resources";
			outputPaths = (
			);
			runOnlyForDeploymentPostprocessing = 0;
			shellPath = /bin/sh;
			shellScript = "\"${SRCROOT}/Pods/Target Support Files/Pods-BanTang/Pods-BanTang-resources.sh\"\n";
			showEnvVarsInLog = 0;
		};
/* End PBXShellScriptBuildPhase section */

/* Begin PBXSourcesBuildPhase section */
		738710291CF2A749007D6979 /* Sources */ = {
			isa = PBXSourcesBuildPhase;
			buildActionMask = 2147483647;
			files = (
				73AAC9EC1D0EF90000AE5751 /* BTShareView.swift in Sources */,
				731692871D1F69F100809C97 /* BTSingInTVC.swift in Sources */,
				7386F0891D1EDB2C00F29256 /* BTArticleModel.swift in Sources */,
				735EC66F1CFD398700D171EE /* BTOrderController.swift in Sources */,
				73AAC9DB1D09B56700AE5751 /* BTTopicDesView.swift in Sources */,
				73AAC9CF1D096A6600AE5751 /* BTProductDetailVC.swift in Sources */,
				73AAC9F11D0FC8DF00AE5751 /* BTPushTransitionAnimator.swift in Sources */,
				7398A5281CFC407B00D0B813 /* BTMiddleView.swift in Sources */,
				73CCC7F81D166535007E688C /* BTZhongcaoItem.swift in Sources */,
				73D12F9F1CF741AB008A4719 /* BTListViewController.swift in Sources */,
				73070A6D1CFFD6C000CBDBF7 /* BTNewController.swift in Sources */,
				738710681CF2DCC6007D6979 /* BTBaseNaviController.swift in Sources */,
				73AAC9C71D085D8F00AE5751 /* BTLoadingView.swift in Sources */,
				738710701CF30093007D6979 /* UIBarButtonItem+Item.m in Sources */,
				7301C24B1D179B38009D91EF /* BTSearchDanpinModel.swift in Sources */,
				73D12FAF1CF80E21008A4719 /* BTCategoryItem.swift in Sources */,
				731D59D11D056BDF00B3502C /* BTHomePageDataTool.swift in Sources */,
				73AAC9E41D0BB0DB00AE5751 /* BTProductPicView.swift in Sources */,
				73D12FA41CF7D7E1008A4719 /* BTCategoryCell.swift in Sources */,
				7301C2541D17B155009D91EF /* BTSearchCategoryTableViewCell.swift in Sources */,
				738710651CF2B776007D6979 /* BTAccountViewController.swift in Sources */,
				7301C25B1D17DAE3009D91EF /* BTSearchListVC.swift in Sources */,
				735EC6731CFD3CF900D171EE /* BTOrderCell.swift in Sources */,
				731D59CF1D0567E900B3502C /* BTCategoryElement.swift in Sources */,
				738710721CF40284007D6979 /* BTHeaderView.swift in Sources */,
				7329582D1D141E3500D2018C /* BTPopupView.swift in Sources */,
				7398A5201CFC0B8D00D0B813 /* BTSettingController.swift in Sources */,
				7301C2581D17BD0F009D91EF /* BTSearchCategoryRightCell.swift in Sources */,
				731D59CD1D05675700B3502C /* BTHomeBanner.swift in Sources */,
				738710771CF449B5007D6979 /* BTDisTableViewCell.swift in Sources */,
				73CCC7F21D166100007E688C /* BTZhongcaoFooterView.swift in Sources */,
				738710621CF2B706007D6979 /* BTMessageViewController.swift in Sources */,
				7387106A1CF2DF6E007D6979 /* BTTabBar.swift in Sources */,
				731692901D1F91DB00809C97 /* BTSingNumberCell.swift in Sources */,
				731D59CB1D05652400B3502C /* BTHomeTopic.swift in Sources */,
				73CCC8021D16D9F0007E688C /* BTSearchViewController.swift in Sources */,
				73CCC7ED1D165F45007E688C /* BTZhongcaoQueueTVC.swift in Sources */,
				731D59C21D046CC300B3502C /* ScrollSegmentView.swift in Sources */,
				731D59C71D05542800B3502C /* BTBaseRequestParmas.swift in Sources */,
				731D59D41D059CCE00B3502C /* BTHomeTopicCell.swift in Sources */,
				731D59C91D055F4800B3502C /* BTHomePageData.swift in Sources */,
				7386F08C1D1EDD3A00F29256 /* BTArticleVC.swift in Sources */,
				738710311CF2A749007D6979 /* AppDelegate.swift in Sources */,
				73AAC9E81D0C239500AE5751 /* BTProductBottomBar.swift in Sources */,
				73C1BCD01CFDB8ED004A8952 /* ZCFileManager.m in Sources */,
				7301C24F1D17A101009D91EF /* BTSearchDanpinViewController.swift in Sources */,
				7387107A1CF46B85007D6979 /* BTTopicItem.swift in Sources */,
				731D59C31D046CC300B3502C /* SegmentStyle.swift in Sources */,
				738710601CF2B6D0007D6979 /* BTDiscoverViewController.swift in Sources */,
				73955A3E1CFAD5A600189CA0 /* BTHotItem.swift in Sources */,
				7398A5241CFC363600D0B813 /* BTUserHeadView.swift in Sources */,
				73AAC9C91D09569E00AE5751 /* BTTitleView.swift in Sources */,
				73AAC9D61D09ACB900AE5751 /* UINavigationBar+Extension.m in Sources */,
				7301C25E1D17E364009D91EF /* BTSearchListCell.swift in Sources */,
				73AAC9EA1D0EEE2C00AE5751 /* BTCoverView.swift in Sources */,
				7387105C1CF2B568007D6979 /* BTMainTabBarVC.swift in Sources */,
				7316928D1D1F6C7F00809C97 /* BTSingTopView.swift in Sources */,
				73D12FA11CF744B6008A4719 /* BTDanpinViewController.swift in Sources */,
				7387105E1CF2B690007D6979 /* BTHomeViewController.swift in Sources */,
				73AAC9E61D0BF6C000AE5751 /* BTProductLikeListView.swift in Sources */,
				73AAC9CD1D09598500AE5751 /* BTTitleBtn.swift in Sources */,
				73CCC7FF1D16A6BB007E688C /* BTCreatTextVC.swift in Sources */,
				73AAC9D91D09AD0A00AE5751 /* UIColor+Extension.m in Sources */,
				73955A3B1CFAD48700189CA0 /* BTHotCollectionViewCell.swift in Sources */,
				73CCC7F51D16611E007E688C /* BTZhongcaoCell.swift in Sources */,
				731D59C11D046CC300B3502C /* ScrollPageView.swift in Sources */,
				735EC66D1CFD369A00D171EE /* BTReSetCell.swift in Sources */,
				731D59C01D046CC300B3502C /* ContentView.swift in Sources */,
				73043C7D1D07E6E800D71114 /* BTMessageChildBaseTVC.swift in Sources */,
				731D59C51D04700E00B3502C /* BTBaseTVC.swift in Sources */,
				73AAC9D11D09727800AE5751 /* BTProductModel.swift in Sources */,
				73070A6A1CFE9FE200CBDBF7 /* UIImage+Image.m in Sources */,
				73CCC7F01D1660F1007E688C /* BTZhongcaoHeaderView.swift in Sources */,
				73955A401CFAF0F800189CA0 /* BTHotView.swift in Sources */,
				73AAC9E21D0AF77E00AE5751 /* BTProductCell.swift in Sources */,
				7387107C1CF47B4B007D6979 /* BTTopicUserItem.swift in Sources */,
				7301C2491D179B19009D91EF /* BTSearchListModel.swift in Sources */,
			);
			runOnlyForDeploymentPostprocessing = 0;
		};
/* End PBXSourcesBuildPhase section */

/* Begin PBXVariantGroup section */
		7301C2731D1946D8009D91EF /* UMSocialLocalizable.strings */ = {
			isa = PBXVariantGroup;
			children = (
				7301C2741D1946D8009D91EF /* en */,
				7301C28D1D1946D8009D91EF /* zh-Hans */,
			);
			name = UMSocialLocalizable.strings;
			sourceTree = "<group>";
		};
		738710391CF2A74A007D6979 /* LaunchScreen.storyboard */ = {
			isa = PBXVariantGroup;
			children = (
				7387103A1CF2A74A007D6979 /* Base */,
			);
			name = LaunchScreen.storyboard;
			sourceTree = "<group>";
		};
/* End PBXVariantGroup section */

/* Begin XCBuildConfiguration section */
		7387103D1CF2A74A007D6979 /* Debug */ = {
			isa = XCBuildConfiguration;
			buildSettings = {
				ALWAYS_SEARCH_USER_PATHS = NO;
				CLANG_ANALYZER_NONNULL = YES;
				CLANG_CXX_LANGUAGE_STANDARD = "gnu++0x";
				CLANG_CXX_LIBRARY = "libc++";
				CLANG_ENABLE_MODULES = YES;
				CLANG_ENABLE_OBJC_ARC = YES;
				CLANG_WARN_BOOL_CONVERSION = YES;
				CLANG_WARN_CONSTANT_CONVERSION = YES;
				CLANG_WARN_DIRECT_OBJC_ISA_USAGE = YES_ERROR;
				CLANG_WARN_EMPTY_BODY = YES;
				CLANG_WARN_ENUM_CONVERSION = YES;
				CLANG_WARN_INT_CONVERSION = YES;
				CLANG_WARN_OBJC_ROOT_CLASS = YES_ERROR;
				CLANG_WARN_UNREACHABLE_CODE = YES;
				CLANG_WARN__DUPLICATE_METHOD_MATCH = YES;
				"CODE_SIGN_IDENTITY[sdk=iphoneos*]" = "iPhone Developer";
				COPY_PHASE_STRIP = NO;
				DEBUG_INFORMATION_FORMAT = dwarf;
				ENABLE_STRICT_OBJC_MSGSEND = YES;
				ENABLE_TESTABILITY = YES;
				GCC_C_LANGUAGE_STANDARD = gnu99;
				GCC_DYNAMIC_NO_PIC = NO;
				GCC_NO_COMMON_BLOCKS = YES;
				GCC_OPTIMIZATION_LEVEL = 0;
				GCC_PREPROCESSOR_DEFINITIONS = (
					"DEBUG=1",
					"$(inherited)",
				);
				GCC_WARN_64_TO_32_BIT_CONVERSION = YES;
				GCC_WARN_ABOUT_RETURN_TYPE = YES_ERROR;
				GCC_WARN_UNDECLARED_SELECTOR = YES;
				GCC_WARN_UNINITIALIZED_AUTOS = YES_AGGRESSIVE;
				GCC_WARN_UNUSED_FUNCTION = YES;
				GCC_WARN_UNUSED_VARIABLE = YES;
				IPHONEOS_DEPLOYMENT_TARGET = 9.3;
				MTL_ENABLE_DEBUG_INFO = YES;
				ONLY_ACTIVE_ARCH = YES;
				SDKROOT = iphoneos;
				SWIFT_OPTIMIZATION_LEVEL = "-Onone";
			};
			name = Debug;
		};
		7387103E1CF2A74A007D6979 /* Release */ = {
			isa = XCBuildConfiguration;
			buildSettings = {
				ALWAYS_SEARCH_USER_PATHS = NO;
				CLANG_ANALYZER_NONNULL = YES;
				CLANG_CXX_LANGUAGE_STANDARD = "gnu++0x";
				CLANG_CXX_LIBRARY = "libc++";
				CLANG_ENABLE_MODULES = YES;
				CLANG_ENABLE_OBJC_ARC = YES;
				CLANG_WARN_BOOL_CONVERSION = YES;
				CLANG_WARN_CONSTANT_CONVERSION = YES;
				CLANG_WARN_DIRECT_OBJC_ISA_USAGE = YES_ERROR;
				CLANG_WARN_EMPTY_BODY = YES;
				CLANG_WARN_ENUM_CONVERSION = YES;
				CLANG_WARN_INT_CONVERSION = YES;
				CLANG_WARN_OBJC_ROOT_CLASS = YES_ERROR;
				CLANG_WARN_UNREACHABLE_CODE = YES;
				CLANG_WARN__DUPLICATE_METHOD_MATCH = YES;
				"CODE_SIGN_IDENTITY[sdk=iphoneos*]" = "iPhone Developer";
				COPY_PHASE_STRIP = NO;
				DEBUG_INFORMATION_FORMAT = "dwarf-with-dsym";
				ENABLE_NS_ASSERTIONS = NO;
				ENABLE_STRICT_OBJC_MSGSEND = YES;
				GCC_C_LANGUAGE_STANDARD = gnu99;
				GCC_NO_COMMON_BLOCKS = YES;
				GCC_WARN_64_TO_32_BIT_CONVERSION = YES;
				GCC_WARN_ABOUT_RETURN_TYPE = YES_ERROR;
				GCC_WARN_UNDECLARED_SELECTOR = YES;
				GCC_WARN_UNINITIALIZED_AUTOS = YES_AGGRESSIVE;
				GCC_WARN_UNUSED_FUNCTION = YES;
				GCC_WARN_UNUSED_VARIABLE = YES;
				IPHONEOS_DEPLOYMENT_TARGET = 9.3;
				MTL_ENABLE_DEBUG_INFO = NO;
				SDKROOT = iphoneos;
				VALIDATE_PRODUCT = YES;
			};
			name = Release;
		};
		738710401CF2A74A007D6979 /* Debug */ = {
			isa = XCBuildConfiguration;
			baseConfigurationReference = 83010B63906DF58D502F3849 /* Pods-BanTang.debug.xcconfig */;
			buildSettings = {
				ASSETCATALOG_COMPILER_APPICON_NAME = AppIcon;
				ASSETCATALOG_COMPILER_LAUNCHIMAGE_NAME = "Brand Assets";
				CLANG_ENABLE_MODULES = YES;
				ENABLE_BITCODE = NO;
				FRAMEWORK_SEARCH_PATHS = (
					"$(inherited)",
					"$(PROJECT_DIR)/BanTang/UMSocial_Sdk_Extra_Frameworks/TencentOpenAPI",
				);
				INFOPLIST_FILE = BanTang/Info.plist;
				IPHONEOS_DEPLOYMENT_TARGET = 8.0;
				LD_RUNPATH_SEARCH_PATHS = "$(inherited) @executable_path/Frameworks";
				LIBRARY_SEARCH_PATHS = (
					"$(inherited)",
					"$(PROJECT_DIR)/BanTang/UMSocial_Sdk_5.2.1",
					"$(PROJECT_DIR)/BanTang/UMSocial_Sdk_Extra_Frameworks/SinaSSO",
					"$(PROJECT_DIR)/BanTang/UMSocial_Sdk_Extra_Frameworks/TencentOpenAPI",
					"$(PROJECT_DIR)/BanTang/UMSocial_Sdk_Extra_Frameworks/Wechat",
				);
				OTHER_LDFLAGS = (
					"$(inherited)",
					"-framework",
					"\"AFNetworking\"",
					"-framework",
					"\"MJExtension\"",
					"-framework",
					"\"SDCycleScrollView\"",
					"-framework",
					"\"SDWebImage\"",
					"-framework",
					"\"SnapKit\"",
					"-framework",
					"\"SwiftyJSON\"",
					"-ObjC",
				);
				PRODUCT_BUNDLE_IDENTIFIER = com.myioslearning.BanTang;
				PRODUCT_NAME = "$(TARGET_NAME)";
				SWIFT_OBJC_BRIDGING_HEADER = "BanTang/Classes/Other/Category/BanTang-Bridging-Header.h";
				SWIFT_OPTIMIZATION_LEVEL = "-Onone";
			};
			name = Debug;
		};
		738710411CF2A74A007D6979 /* Release */ = {
			isa = XCBuildConfiguration;
			baseConfigurationReference = 67BC2053EB2595D37723139E /* Pods-BanTang.release.xcconfig */;
			buildSettings = {
				ASSETCATALOG_COMPILER_APPICON_NAME = AppIcon;
				ASSETCATALOG_COMPILER_LAUNCHIMAGE_NAME = "Brand Assets";
				CLANG_ENABLE_MODULES = YES;
				ENABLE_BITCODE = NO;
				FRAMEWORK_SEARCH_PATHS = (
					"$(inherited)",
					"$(PROJECT_DIR)/BanTang/UMSocial_Sdk_Extra_Frameworks/TencentOpenAPI",
				);
				INFOPLIST_FILE = BanTang/Info.plist;
				IPHONEOS_DEPLOYMENT_TARGET = 8.0;
				LD_RUNPATH_SEARCH_PATHS = "$(inherited) @executable_path/Frameworks";
				LIBRARY_SEARCH_PATHS = (
					"$(inherited)",
					"$(PROJECT_DIR)/BanTang/UMSocial_Sdk_5.2.1",
					"$(PROJECT_DIR)/BanTang/UMSocial_Sdk_Extra_Frameworks/SinaSSO",
					"$(PROJECT_DIR)/BanTang/UMSocial_Sdk_Extra_Frameworks/TencentOpenAPI",
					"$(PROJECT_DIR)/BanTang/UMSocial_Sdk_Extra_Frameworks/Wechat",
				);
				OTHER_LDFLAGS = (
					"$(inherited)",
					"-framework",
					"\"AFNetworking\"",
					"-framework",
					"\"MJExtension\"",
					"-framework",
					"\"SDCycleScrollView\"",
					"-framework",
					"\"SDWebImage\"",
					"-framework",
					"\"SnapKit\"",
					"-framework",
					"\"SwiftyJSON\"",
					"-ObjC",
				);
				PRODUCT_BUNDLE_IDENTIFIER = com.myioslearning.BanTang;
				PRODUCT_NAME = "$(TARGET_NAME)";
				SWIFT_OBJC_BRIDGING_HEADER = "BanTang/Classes/Other/Category/BanTang-Bridging-Header.h";
			};
			name = Release;
		};
/* End XCBuildConfiguration section */

/* Begin XCConfigurationList section */
		738710281CF2A749007D6979 /* Build configuration list for PBXProject "BanTang" */ = {
			isa = XCConfigurationList;
			buildConfigurations = (
				7387103D1CF2A74A007D6979 /* Debug */,
				7387103E1CF2A74A007D6979 /* Release */,
			);
			defaultConfigurationIsVisible = 0;
			defaultConfigurationName = Release;
		};
		7387103F1CF2A74A007D6979 /* Build configuration list for PBXNativeTarget "BanTang" */ = {
			isa = XCConfigurationList;
			buildConfigurations = (
				738710401CF2A74A007D6979 /* Debug */,
				738710411CF2A74A007D6979 /* Release */,
			);
			defaultConfigurationIsVisible = 0;
			defaultConfigurationName = Release;
		};
/* End XCConfigurationList section */
	};
	rootObject = 738710251CF2A749007D6979 /* Project object */;
}
