// !$*UTF8*$!
{
	archiveVersion = 1;
	classes = {
	};
	objectVersion = 46;
	objects = {

/* Begin PBXBuildFile section */
		35724E10ED634AD0DF12CF74 /* Pods_BanTang.framework in Frameworks */ = {isa = PBXBuildFile; fileRef = 20C1529032ADECFDBF01B63F /* Pods_BanTang.framework */; };
		735EC66D1CFD369A00D171EE /* BTReSetCell.swift in Sources */ = {isa = PBXBuildFile; fileRef = 735EC66C1CFD369A00D171EE /* BTReSetCell.swift */; };
		735EC66F1CFD398700D171EE /* BTOrderController.swift in Sources */ = {isa = PBXBuildFile; fileRef = 735EC66E1CFD398700D171EE /* BTOrderController.swift */; };
		735EC6711CFD399400D171EE /* BTOrderController.storyboard in Resources */ = {isa = PBXBuildFile; fileRef = 735EC6701CFD399400D171EE /* BTOrderController.storyboard */; };
		735EC6731CFD3CF900D171EE /* BTOrderCell.swift in Sources */ = {isa = PBXBuildFile; fileRef = 735EC6721CFD3CF900D171EE /* BTOrderCell.swift */; };
		738710311CF2A749007D6979 /* AppDelegate.swift in Sources */ = {isa = PBXBuildFile; fileRef = 738710301CF2A749007D6979 /* AppDelegate.swift */; };
		738710381CF2A74A007D6979 /* Assets.xcassets in Resources */ = {isa = PBXBuildFile; fileRef = 738710371CF2A74A007D6979 /* Assets.xcassets */; };
		7387103B1CF2A74A007D6979 /* LaunchScreen.storyboard in Resources */ = {isa = PBXBuildFile; fileRef = 738710391CF2A74A007D6979 /* LaunchScreen.storyboard */; };
		7387105C1CF2B568007D6979 /* BTMainTabBarVC.swift in Sources */ = {isa = PBXBuildFile; fileRef = 7387105B1CF2B568007D6979 /* BTMainTabBarVC.swift */; };
		7387105E1CF2B690007D6979 /* BTHomeViewController.swift in Sources */ = {isa = PBXBuildFile; fileRef = 7387105D1CF2B690007D6979 /* BTHomeViewController.swift */; };
		738710601CF2B6D0007D6979 /* BTDiscoverViewController.swift in Sources */ = {isa = PBXBuildFile; fileRef = 7387105F1CF2B6D0007D6979 /* BTDiscoverViewController.swift */; };
		738710621CF2B706007D6979 /* BTMessageViewController.swift in Sources */ = {isa = PBXBuildFile; fileRef = 738710611CF2B706007D6979 /* BTMessageViewController.swift */; };
		738710651CF2B776007D6979 /* BTAccountViewController.swift in Sources */ = {isa = PBXBuildFile; fileRef = 738710631CF2B776007D6979 /* BTAccountViewController.swift */; };
		738710681CF2DCC6007D6979 /* BTBaseNaviController.swift in Sources */ = {isa = PBXBuildFile; fileRef = 738710671CF2DCC6007D6979 /* BTBaseNaviController.swift */; };
		7387106A1CF2DF6E007D6979 /* BTTabBar.swift in Sources */ = {isa = PBXBuildFile; fileRef = 738710691CF2DF6E007D6979 /* BTTabBar.swift */; };
		738710701CF30093007D6979 /* UIBarButtonItem+Item.m in Sources */ = {isa = PBXBuildFile; fileRef = 7387106F1CF30093007D6979 /* UIBarButtonItem+Item.m */; };
		738710721CF40284007D6979 /* BTHeaderView.swift in Sources */ = {isa = PBXBuildFile; fileRef = 738710711CF40284007D6979 /* BTHeaderView.swift */; };
		738710741CF40299007D6979 /* BTHeaderView.xib in Resources */ = {isa = PBXBuildFile; fileRef = 738710731CF40299007D6979 /* BTHeaderView.xib */; };
		738710771CF449B5007D6979 /* BTDisTableViewCell.swift in Sources */ = {isa = PBXBuildFile; fileRef = 738710751CF449B5007D6979 /* BTDisTableViewCell.swift */; };
		738710781CF449B5007D6979 /* BTDisTableViewCell.xib in Resources */ = {isa = PBXBuildFile; fileRef = 738710761CF449B5007D6979 /* BTDisTableViewCell.xib */; };
		7387107A1CF46B85007D6979 /* BTTopicItem.swift in Sources */ = {isa = PBXBuildFile; fileRef = 738710791CF46B85007D6979 /* BTTopicItem.swift */; };
		7387107C1CF47B4B007D6979 /* BTTopicUserItem.swift in Sources */ = {isa = PBXBuildFile; fileRef = 7387107B1CF47B4B007D6979 /* BTTopicUserItem.swift */; };
		73955A3B1CFAD48700189CA0 /* BTHotCollectionViewCell.swift in Sources */ = {isa = PBXBuildFile; fileRef = 73955A391CFAD48700189CA0 /* BTHotCollectionViewCell.swift */; };
		73955A3C1CFAD48700189CA0 /* BTHotCollectionViewCell.xib in Resources */ = {isa = PBXBuildFile; fileRef = 73955A3A1CFAD48700189CA0 /* BTHotCollectionViewCell.xib */; };
		73955A3E1CFAD5A600189CA0 /* BTHotItem.swift in Sources */ = {isa = PBXBuildFile; fileRef = 73955A3D1CFAD5A600189CA0 /* BTHotItem.swift */; };
		73955A401CFAF0F800189CA0 /* BTHotView.swift in Sources */ = {isa = PBXBuildFile; fileRef = 73955A3F1CFAF0F800189CA0 /* BTHotView.swift */; };
		73955A421CFAF10400189CA0 /* BTHotView.xib in Resources */ = {isa = PBXBuildFile; fileRef = 73955A411CFAF10400189CA0 /* BTHotView.xib */; };
		7398A5201CFC0B8D00D0B813 /* BTSettingController.swift in Sources */ = {isa = PBXBuildFile; fileRef = 7398A51F1CFC0B8D00D0B813 /* BTSettingController.swift */; };
		7398A5221CFC0B9700D0B813 /* BTSettingController.storyboard in Resources */ = {isa = PBXBuildFile; fileRef = 7398A5211CFC0B9700D0B813 /* BTSettingController.storyboard */; };
		7398A5241CFC363600D0B813 /* BTUserHeadView.swift in Sources */ = {isa = PBXBuildFile; fileRef = 7398A5231CFC363600D0B813 /* BTUserHeadView.swift */; };
		7398A5261CFC364300D0B813 /* BTUserHeadView.xib in Resources */ = {isa = PBXBuildFile; fileRef = 7398A5251CFC364300D0B813 /* BTUserHeadView.xib */; };
		7398A5281CFC407B00D0B813 /* BTMiddleView.swift in Sources */ = {isa = PBXBuildFile; fileRef = 7398A5271CFC407B00D0B813 /* BTMiddleView.swift */; };
		7398A52A1CFC408300D0B813 /* BTMiddleView.xib in Resources */ = {isa = PBXBuildFile; fileRef = 7398A5291CFC408300D0B813 /* BTMiddleView.xib */; };
		73C1BCD01CFDB8ED004A8952 /* ZCFileManager.m in Sources */ = {isa = PBXBuildFile; fileRef = 73C1BCCF1CFDB8ED004A8952 /* ZCFileManager.m */; };
		73D12F9F1CF741AB008A4719 /* BTListViewController.swift in Sources */ = {isa = PBXBuildFile; fileRef = 73D12F9E1CF741AB008A4719 /* BTListViewController.swift */; };
		73D12FA11CF744B6008A4719 /* BTDanpinViewController.swift in Sources */ = {isa = PBXBuildFile; fileRef = 73D12FA01CF744B6008A4719 /* BTDanpinViewController.swift */; };
		73D12FA41CF7D7E1008A4719 /* BTCategoryCell.swift in Sources */ = {isa = PBXBuildFile; fileRef = 73D12FA21CF7D7E1008A4719 /* BTCategoryCell.swift */; };
		73D12FA51CF7D7E1008A4719 /* BTCategoryCell.xib in Resources */ = {isa = PBXBuildFile; fileRef = 73D12FA31CF7D7E1008A4719 /* BTCategoryCell.xib */; };
		73D12FAF1CF80E21008A4719 /* BTCategoryItem.swift in Sources */ = {isa = PBXBuildFile; fileRef = 73D12FAE1CF80E21008A4719 /* BTCategoryItem.swift */; };
/* End PBXBuildFile section */

/* Begin PBXFileReference section */
		20C1529032ADECFDBF01B63F /* Pods_BanTang.framework */ = {isa = PBXFileReference; explicitFileType = wrapper.framework; includeInIndex = 0; path = Pods_BanTang.framework; sourceTree = BUILT_PRODUCTS_DIR; };
		67BC2053EB2595D37723139E /* Pods-BanTang.release.xcconfig */ = {isa = PBXFileReference; includeInIndex = 1; lastKnownFileType = text.xcconfig; name = "Pods-BanTang.release.xcconfig"; path = "Pods/Target Support Files/Pods-BanTang/Pods-BanTang.release.xcconfig"; sourceTree = "<group>"; };
		735EC66C1CFD369A00D171EE /* BTReSetCell.swift */ = {isa = PBXFileReference; fileEncoding = 4; lastKnownFileType = sourcecode.swift; path = BTReSetCell.swift; sourceTree = "<group>"; };
		735EC66E1CFD398700D171EE /* BTOrderController.swift */ = {isa = PBXFileReference; fileEncoding = 4; lastKnownFileType = sourcecode.swift; path = BTOrderController.swift; sourceTree = "<group>"; };
		735EC6701CFD399400D171EE /* BTOrderController.storyboard */ = {isa = PBXFileReference; fileEncoding = 4; lastKnownFileType = file.storyboard; path = BTOrderController.storyboard; sourceTree = "<group>"; };
		735EC6721CFD3CF900D171EE /* BTOrderCell.swift */ = {isa = PBXFileReference; fileEncoding = 4; lastKnownFileType = sourcecode.swift; path = BTOrderCell.swift; sourceTree = "<group>"; };
		7387102D1CF2A749007D6979 /* BanTang.app */ = {isa = PBXFileReference; explicitFileType = wrapper.application; includeInIndex = 0; path = BanTang.app; sourceTree = BUILT_PRODUCTS_DIR; };
		738710301CF2A749007D6979 /* AppDelegate.swift */ = {isa = PBXFileReference; lastKnownFileType = sourcecode.swift; path = AppDelegate.swift; sourceTree = "<group>"; };
		738710371CF2A74A007D6979 /* Assets.xcassets */ = {isa = PBXFileReference; lastKnownFileType = folder.assetcatalog; path = Assets.xcassets; sourceTree = "<group>"; };
		7387103A1CF2A74A007D6979 /* Base */ = {isa = PBXFileReference; lastKnownFileType = file.storyboard; name = Base; path = Base.lproj/LaunchScreen.storyboard; sourceTree = "<group>"; };
		7387103C1CF2A74A007D6979 /* Info.plist */ = {isa = PBXFileReference; lastKnownFileType = text.plist.xml; path = Info.plist; sourceTree = "<group>"; };
		7387105B1CF2B568007D6979 /* BTMainTabBarVC.swift */ = {isa = PBXFileReference; fileEncoding = 4; lastKnownFileType = sourcecode.swift; path = BTMainTabBarVC.swift; sourceTree = "<group>"; };
		7387105D1CF2B690007D6979 /* BTHomeViewController.swift */ = {isa = PBXFileReference; fileEncoding = 4; lastKnownFileType = sourcecode.swift; path = BTHomeViewController.swift; sourceTree = "<group>"; };
		7387105F1CF2B6D0007D6979 /* BTDiscoverViewController.swift */ = {isa = PBXFileReference; fileEncoding = 4; lastKnownFileType = sourcecode.swift; path = BTDiscoverViewController.swift; sourceTree = "<group>"; };
		738710611CF2B706007D6979 /* BTMessageViewController.swift */ = {isa = PBXFileReference; fileEncoding = 4; lastKnownFileType = sourcecode.swift; path = BTMessageViewController.swift; sourceTree = "<group>"; };
		738710631CF2B776007D6979 /* BTAccountViewController.swift */ = {isa = PBXFileReference; fileEncoding = 4; lastKnownFileType = sourcecode.swift; path = BTAccountViewController.swift; sourceTree = "<group>"; };
		738710671CF2DCC6007D6979 /* BTBaseNaviController.swift */ = {isa = PBXFileReference; fileEncoding = 4; lastKnownFileType = sourcecode.swift; path = BTBaseNaviController.swift; sourceTree = "<group>"; };
		738710691CF2DF6E007D6979 /* BTTabBar.swift */ = {isa = PBXFileReference; fileEncoding = 4; lastKnownFileType = sourcecode.swift; path = BTTabBar.swift; sourceTree = "<group>"; };
		7387106D1CF30092007D6979 /* BanTang-Bridging-Header.h */ = {isa = PBXFileReference; lastKnownFileType = sourcecode.c.h; path = "BanTang-Bridging-Header.h"; sourceTree = "<group>"; };
		7387106E1CF30093007D6979 /* UIBarButtonItem+Item.h */ = {isa = PBXFileReference; fileEncoding = 4; lastKnownFileType = sourcecode.c.h; path = "UIBarButtonItem+Item.h"; sourceTree = "<group>"; };
		7387106F1CF30093007D6979 /* UIBarButtonItem+Item.m */ = {isa = PBXFileReference; fileEncoding = 4; lastKnownFileType = sourcecode.c.objc; path = "UIBarButtonItem+Item.m"; sourceTree = "<group>"; };
		738710711CF40284007D6979 /* BTHeaderView.swift */ = {isa = PBXFileReference; fileEncoding = 4; lastKnownFileType = sourcecode.swift; name = BTHeaderView.swift; path = ../BTHeaderView.swift; sourceTree = "<group>"; };
		738710731CF40299007D6979 /* BTHeaderView.xib */ = {isa = PBXFileReference; fileEncoding = 4; lastKnownFileType = file.xib; name = BTHeaderView.xib; path = ../BTHeaderView.xib; sourceTree = "<group>"; };
		738710751CF449B5007D6979 /* BTDisTableViewCell.swift */ = {isa = PBXFileReference; fileEncoding = 4; lastKnownFileType = sourcecode.swift; name = BTDisTableViewCell.swift; path = ../BTDisTableViewCell.swift; sourceTree = "<group>"; };
		738710761CF449B5007D6979 /* BTDisTableViewCell.xib */ = {isa = PBXFileReference; fileEncoding = 4; lastKnownFileType = file.xib; name = BTDisTableViewCell.xib; path = ../BTDisTableViewCell.xib; sourceTree = "<group>"; };
		738710791CF46B85007D6979 /* BTTopicItem.swift */ = {isa = PBXFileReference; fileEncoding = 4; lastKnownFileType = sourcecode.swift; path = BTTopicItem.swift; sourceTree = "<group>"; };
		7387107B1CF47B4B007D6979 /* BTTopicUserItem.swift */ = {isa = PBXFileReference; fileEncoding = 4; lastKnownFileType = sourcecode.swift; path = BTTopicUserItem.swift; sourceTree = "<group>"; };
		73955A391CFAD48700189CA0 /* BTHotCollectionViewCell.swift */ = {isa = PBXFileReference; fileEncoding = 4; lastKnownFileType = sourcecode.swift; path = BTHotCollectionViewCell.swift; sourceTree = "<group>"; };
		73955A3A1CFAD48700189CA0 /* BTHotCollectionViewCell.xib */ = {isa = PBXFileReference; fileEncoding = 4; lastKnownFileType = file.xib; path = BTHotCollectionViewCell.xib; sourceTree = "<group>"; };
		73955A3D1CFAD5A600189CA0 /* BTHotItem.swift */ = {isa = PBXFileReference; fileEncoding = 4; lastKnownFileType = sourcecode.swift; path = BTHotItem.swift; sourceTree = "<group>"; };
		73955A3F1CFAF0F800189CA0 /* BTHotView.swift */ = {isa = PBXFileReference; fileEncoding = 4; lastKnownFileType = sourcecode.swift; path = BTHotView.swift; sourceTree = "<group>"; };
		73955A411CFAF10400189CA0 /* BTHotView.xib */ = {isa = PBXFileReference; fileEncoding = 4; lastKnownFileType = file.xib; path = BTHotView.xib; sourceTree = "<group>"; };
		7398A51F1CFC0B8D00D0B813 /* BTSettingController.swift */ = {isa = PBXFileReference; fileEncoding = 4; lastKnownFileType = sourcecode.swift; path = BTSettingController.swift; sourceTree = "<group>"; };
		7398A5211CFC0B9700D0B813 /* BTSettingController.storyboard */ = {isa = PBXFileReference; fileEncoding = 4; lastKnownFileType = file.storyboard; path = BTSettingController.storyboard; sourceTree = "<group>"; };
		7398A5231CFC363600D0B813 /* BTUserHeadView.swift */ = {isa = PBXFileReference; fileEncoding = 4; lastKnownFileType = sourcecode.swift; path = BTUserHeadView.swift; sourceTree = "<group>"; };
		7398A5251CFC364300D0B813 /* BTUserHeadView.xib */ = {isa = PBXFileReference; fileEncoding = 4; lastKnownFileType = file.xib; path = BTUserHeadView.xib; sourceTree = "<group>"; };
		7398A5271CFC407B00D0B813 /* BTMiddleView.swift */ = {isa = PBXFileReference; fileEncoding = 4; lastKnownFileType = sourcecode.swift; path = BTMiddleView.swift; sourceTree = "<group>"; };
		7398A5291CFC408300D0B813 /* BTMiddleView.xib */ = {isa = PBXFileReference; fileEncoding = 4; lastKnownFileType = file.xib; path = BTMiddleView.xib; sourceTree = "<group>"; };
		73C1BCCE1CFDB8ED004A8952 /* ZCFileManager.h */ = {isa = PBXFileReference; fileEncoding = 4; lastKnownFileType = sourcecode.c.h; path = ZCFileManager.h; sourceTree = "<group>"; };
		73C1BCCF1CFDB8ED004A8952 /* ZCFileManager.m */ = {isa = PBXFileReference; fileEncoding = 4; lastKnownFileType = sourcecode.c.objc; path = ZCFileManager.m; sourceTree = "<group>"; };
		73D12F9E1CF741AB008A4719 /* BTListViewController.swift */ = {isa = PBXFileReference; fileEncoding = 4; lastKnownFileType = sourcecode.swift; path = BTListViewController.swift; sourceTree = "<group>"; };
		73D12FA01CF744B6008A4719 /* BTDanpinViewController.swift */ = {isa = PBXFileReference; fileEncoding = 4; lastKnownFileType = sourcecode.swift; path = BTDanpinViewController.swift; sourceTree = "<group>"; };
		73D12FA21CF7D7E1008A4719 /* BTCategoryCell.swift */ = {isa = PBXFileReference; fileEncoding = 4; lastKnownFileType = sourcecode.swift; name = BTCategoryCell.swift; path = ../../Controller/BTCategoryCell.swift; sourceTree = "<group>"; };
		73D12FA31CF7D7E1008A4719 /* BTCategoryCell.xib */ = {isa = PBXFileReference; fileEncoding = 4; lastKnownFileType = file.xib; name = BTCategoryCell.xib; path = ../../Controller/BTCategoryCell.xib; sourceTree = "<group>"; };
		73D12FAE1CF80E21008A4719 /* BTCategoryItem.swift */ = {isa = PBXFileReference; fileEncoding = 4; lastKnownFileType = sourcecode.swift; path = BTCategoryItem.swift; sourceTree = "<group>"; };
		83010B63906DF58D502F3849 /* Pods-BanTang.debug.xcconfig */ = {isa = PBXFileReference; includeInIndex = 1; lastKnownFileType = text.xcconfig; name = "Pods-BanTang.debug.xcconfig"; path = "Pods/Target Support Files/Pods-BanTang/Pods-BanTang.debug.xcconfig"; sourceTree = "<group>"; };
/* End PBXFileReference section */

/* Begin PBXFrameworksBuildPhase section */
		7387102A1CF2A749007D6979 /* Frameworks */ = {
			isa = PBXFrameworksBuildPhase;
			buildActionMask = 2147483647;
			files = (
				35724E10ED634AD0DF12CF74 /* Pods_BanTang.framework in Frameworks */,
			);
			runOnlyForDeploymentPostprocessing = 0;
		};
/* End PBXFrameworksBuildPhase section */

/* Begin PBXGroup section */
		738710241CF2A749007D6979 = {
			isa = PBXGroup;
			children = (
				7387102F1CF2A749007D6979 /* BanTang */,
				7387102E1CF2A749007D6979 /* Products */,
				E3470DCB95A8F5070B803F84 /* Pods */,
				8D5ED11B9233C156C6C22687 /* Frameworks */,
			);
			sourceTree = "<group>";
		};
		7387102E1CF2A749007D6979 /* Products */ = {
			isa = PBXGroup;
			children = (
				7387102D1CF2A749007D6979 /* BanTang.app */,
			);
			name = Products;
			sourceTree = "<group>";
		};
		7387102F1CF2A749007D6979 /* BanTang */ = {
			isa = PBXGroup;
			children = (
				738710421CF2A8FC007D6979 /* Classes */,
				738710301CF2A749007D6979 /* AppDelegate.swift */,
				738710371CF2A74A007D6979 /* Assets.xcassets */,
				738710391CF2A74A007D6979 /* LaunchScreen.storyboard */,
				7387103C1CF2A74A007D6979 /* Info.plist */,
			);
			path = BanTang;
			sourceTree = "<group>";
		};
		738710421CF2A8FC007D6979 /* Classes */ = {
			isa = PBXGroup;
			children = (
				73C1BCCB1CFDB3A1004A8952 /* Tool */,
				7387106B1CF3007A007D6979 /* Other */,
				738710571CF2AE0A007D6979 /* Main */,
				738710471CF2A8FC007D6979 /* Home主页 */,
				738710531CF2A8FC007D6979 /* Discover发现 */,
				7387104F1CF2A8FC007D6979 /* Photo照片 */,
				7387104B1CF2A8FC007D6979 /* Message消息 */,
				738710431CF2A8FC007D6979 /* Account账号 */,
			);
			path = Classes;
			sourceTree = "<group>";
		};
		738710431CF2A8FC007D6979 /* Account账号 */ = {
			isa = PBXGroup;
			children = (
				738710441CF2A8FC007D6979 /* Controller */,
				738710451CF2A8FC007D6979 /* Model */,
				738710461CF2A8FC007D6979 /* View */,
			);
			name = "Account账号";
			path = Account;
			sourceTree = "<group>";
		};
		738710441CF2A8FC007D6979 /* Controller */ = {
			isa = PBXGroup;
			children = (
				738710631CF2B776007D6979 /* BTAccountViewController.swift */,
				7398A51F1CFC0B8D00D0B813 /* BTSettingController.swift */,
				7398A5211CFC0B9700D0B813 /* BTSettingController.storyboard */,
				735EC66E1CFD398700D171EE /* BTOrderController.swift */,
				735EC6701CFD399400D171EE /* BTOrderController.storyboard */,
			);
			path = Controller;
			sourceTree = "<group>";
		};
		738710451CF2A8FC007D6979 /* Model */ = {
			isa = PBXGroup;
			children = (
			);
			path = Model;
			sourceTree = "<group>";
		};
		738710461CF2A8FC007D6979 /* View */ = {
			isa = PBXGroup;
			children = (
				7398A5231CFC363600D0B813 /* BTUserHeadView.swift */,
				7398A5251CFC364300D0B813 /* BTUserHeadView.xib */,
				7398A5271CFC407B00D0B813 /* BTMiddleView.swift */,
				7398A5291CFC408300D0B813 /* BTMiddleView.xib */,
				735EC66C1CFD369A00D171EE /* BTReSetCell.swift */,
				735EC6721CFD3CF900D171EE /* BTOrderCell.swift */,
			);
			path = View;
			sourceTree = "<group>";
		};
		738710471CF2A8FC007D6979 /* Home主页 */ = {
			isa = PBXGroup;
			children = (
				738710481CF2A8FC007D6979 /* Controller */,
				738710491CF2A8FC007D6979 /* Model */,
				7387104A1CF2A8FC007D6979 /* View */,
			);
			name = "Home主页";
			path = Home;
			sourceTree = "<group>";
		};
		738710481CF2A8FC007D6979 /* Controller */ = {
			isa = PBXGroup;
			children = (
				7387105D1CF2B690007D6979 /* BTHomeViewController.swift */,
			);
			path = Controller;
			sourceTree = "<group>";
		};
		738710491CF2A8FC007D6979 /* Model */ = {
			isa = PBXGroup;
			children = (
			);
			path = Model;
			sourceTree = "<group>";
		};
		7387104A1CF2A8FC007D6979 /* View */ = {
			isa = PBXGroup;
			children = (
			);
			path = View;
			sourceTree = "<group>";
		};
		7387104B1CF2A8FC007D6979 /* Message消息 */ = {
			isa = PBXGroup;
			children = (
				7387104C1CF2A8FC007D6979 /* Controller */,
				7387104D1CF2A8FC007D6979 /* Model */,
				7387104E1CF2A8FC007D6979 /* View */,
			);
			name = "Message消息";
			path = Message;
			sourceTree = "<group>";
		};
		7387104C1CF2A8FC007D6979 /* Controller */ = {
			isa = PBXGroup;
			children = (
				738710611CF2B706007D6979 /* BTMessageViewController.swift */,
			);
			path = Controller;
			sourceTree = "<group>";
		};
		7387104D1CF2A8FC007D6979 /* Model */ = {
			isa = PBXGroup;
			children = (
			);
			path = Model;
			sourceTree = "<group>";
		};
		7387104E1CF2A8FC007D6979 /* View */ = {
			isa = PBXGroup;
			children = (
			);
			path = View;
			sourceTree = "<group>";
		};
		7387104F1CF2A8FC007D6979 /* Photo照片 */ = {
			isa = PBXGroup;
			children = (
				738710501CF2A8FC007D6979 /* Controller */,
				738710511CF2A8FC007D6979 /* Model */,
				738710521CF2A8FC007D6979 /* View */,
			);
			name = "Photo照片";
			path = Photo;
			sourceTree = "<group>";
		};
		738710501CF2A8FC007D6979 /* Controller */ = {
			isa = PBXGroup;
			children = (
			);
			path = Controller;
			sourceTree = "<group>";
		};
		738710511CF2A8FC007D6979 /* Model */ = {
			isa = PBXGroup;
			children = (
			);
			path = Model;
			sourceTree = "<group>";
		};
		738710521CF2A8FC007D6979 /* View */ = {
			isa = PBXGroup;
			children = (
			);
			path = View;
			sourceTree = "<group>";
		};
		738710531CF2A8FC007D6979 /* Discover发现 */ = {
			isa = PBXGroup;
			children = (
				738710541CF2A8FC007D6979 /* Controller */,
				738710551CF2A8FC007D6979 /* Model */,
				738710561CF2A8FC007D6979 /* View */,
			);
			name = "Discover发现";
			path = Web;
			sourceTree = "<group>";
		};
		738710541CF2A8FC007D6979 /* Controller */ = {
			isa = PBXGroup;
			children = (
				7387105F1CF2B6D0007D6979 /* BTDiscoverViewController.swift */,
				73D12F9E1CF741AB008A4719 /* BTListViewController.swift */,
				73D12FA01CF744B6008A4719 /* BTDanpinViewController.swift */,
			);
			path = Controller;
			sourceTree = "<group>";
		};
		738710551CF2A8FC007D6979 /* Model */ = {
			isa = PBXGroup;
			children = (
				738710791CF46B85007D6979 /* BTTopicItem.swift */,
				7387107B1CF47B4B007D6979 /* BTTopicUserItem.swift */,
				73D12FAE1CF80E21008A4719 /* BTCategoryItem.swift */,
				73955A3D1CFAD5A600189CA0 /* BTHotItem.swift */,
			);
			path = Model;
			sourceTree = "<group>";
		};
		738710561CF2A8FC007D6979 /* View */ = {
			isa = PBXGroup;
			children = (
				73D12FAC1CF80D68008A4719 /* Danpin单品 */,
				73D12FAD1CF80D68008A4719 /* List清单 */,
			);
			path = View;
			sourceTree = "<group>";
		};
		738710571CF2AE0A007D6979 /* Main */ = {
			isa = PBXGroup;
			children = (
				738710581CF2AE0A007D6979 /* Controller */,
				738710591CF2AE0A007D6979 /* Model */,
				7387105A1CF2AE0A007D6979 /* View */,
			);
			path = Main;
			sourceTree = "<group>";
		};
		738710581CF2AE0A007D6979 /* Controller */ = {
			isa = PBXGroup;
			children = (
				7387105B1CF2B568007D6979 /* BTMainTabBarVC.swift */,
				738710671CF2DCC6007D6979 /* BTBaseNaviController.swift */,
			);
			path = Controller;
			sourceTree = "<group>";
		};
		738710591CF2AE0A007D6979 /* Model */ = {
			isa = PBXGroup;
			children = (
			);
			path = Model;
			sourceTree = "<group>";
		};
		7387105A1CF2AE0A007D6979 /* View */ = {
			isa = PBXGroup;
			children = (
				738710691CF2DF6E007D6979 /* BTTabBar.swift */,
			);
			path = View;
			sourceTree = "<group>";
		};
		7387106B1CF3007A007D6979 /* Other */ = {
			isa = PBXGroup;
			children = (
				7387106C1CF3007A007D6979 /* Category */,
			);
			path = Other;
			sourceTree = "<group>";
		};
		7387106C1CF3007A007D6979 /* Category */ = {
			isa = PBXGroup;
			children = (
				7387106D1CF30092007D6979 /* BanTang-Bridging-Header.h */,
				7387106E1CF30093007D6979 /* UIBarButtonItem+Item.h */,
				7387106F1CF30093007D6979 /* UIBarButtonItem+Item.m */,
			);
			path = Category;
			sourceTree = "<group>";
		};
		73C1BCCB1CFDB3A1004A8952 /* Tool */ = {
			isa = PBXGroup;
			children = (
				73C1BCCE1CFDB8ED004A8952 /* ZCFileManager.h */,
				73C1BCCF1CFDB8ED004A8952 /* ZCFileManager.m */,
			);
			path = Tool;
			sourceTree = "<group>";
		};
		73D12FAC1CF80D68008A4719 /* Danpin单品 */ = {
			isa = PBXGroup;
			children = (
				73D12FA21CF7D7E1008A4719 /* BTCategoryCell.swift */,
				73D12FA31CF7D7E1008A4719 /* BTCategoryCell.xib */,
				73955A391CFAD48700189CA0 /* BTHotCollectionViewCell.swift */,
				73955A3A1CFAD48700189CA0 /* BTHotCollectionViewCell.xib */,
				73955A3F1CFAF0F800189CA0 /* BTHotView.swift */,
				73955A411CFAF10400189CA0 /* BTHotView.xib */,
			);
			name = "Danpin单品";
			path = Danpin;
			sourceTree = "<group>";
		};
		73D12FAD1CF80D68008A4719 /* List清单 */ = {
			isa = PBXGroup;
			children = (
				738710711CF40284007D6979 /* BTHeaderView.swift */,
				738710731CF40299007D6979 /* BTHeaderView.xib */,
				738710751CF449B5007D6979 /* BTDisTableViewCell.swift */,
				738710761CF449B5007D6979 /* BTDisTableViewCell.xib */,
			);
			name = "List清单";
			path = List;
			sourceTree = "<group>";
		};
		8D5ED11B9233C156C6C22687 /* Frameworks */ = {
			isa = PBXGroup;
			children = (
				20C1529032ADECFDBF01B63F /* Pods_BanTang.framework */,
			);
			name = Frameworks;
			sourceTree = "<group>";
		};
		E3470DCB95A8F5070B803F84 /* Pods */ = {
			isa = PBXGroup;
			children = (
				83010B63906DF58D502F3849 /* Pods-BanTang.debug.xcconfig */,
				67BC2053EB2595D37723139E /* Pods-BanTang.release.xcconfig */,
			);
			name = Pods;
			sourceTree = "<group>";
		};
/* End PBXGroup section */

/* Begin PBXNativeTarget section */
		7387102C1CF2A749007D6979 /* BanTang */ = {
			isa = PBXNativeTarget;
			buildConfigurationList = 7387103F1CF2A74A007D6979 /* Build configuration list for PBXNativeTarget "BanTang" */;
			buildPhases = (
				6AE03EFC66800DE810132363 /* 📦 Check Pods Manifest.lock */,
				738710291CF2A749007D6979 /* Sources */,
				7387102A1CF2A749007D6979 /* Frameworks */,
				7387102B1CF2A749007D6979 /* Resources */,
				B43FA7EF01B74D131D15C487 /* 📦 Embed Pods Frameworks */,
				B93D7EC2291207404B0A4AFF /* 📦 Copy Pods Resources */,
			);
			buildRules = (
			);
			dependencies = (
			);
			name = BanTang;
			productName = BanTang;
			productReference = 7387102D1CF2A749007D6979 /* BanTang.app */;
			productType = "com.apple.product-type.application";
		};
/* End PBXNativeTarget section */

/* Begin PBXProject section */
		738710251CF2A749007D6979 /* Project object */ = {
			isa = PBXProject;
			attributes = {
				LastSwiftUpdateCheck = 0730;
				LastUpgradeCheck = 0730;
				ORGANIZATIONNAME = "张灿";
				TargetAttributes = {
					7387102C1CF2A749007D6979 = {
						CreatedOnToolsVersion = 7.3.1;
						DevelopmentTeam = 5426CMU8GP;
					};
				};
			};
			buildConfigurationList = 738710281CF2A749007D6979 /* Build configuration list for PBXProject "BanTang" */;
			compatibilityVersion = "Xcode 3.2";
			developmentRegion = English;
			hasScannedForEncodings = 0;
			knownRegions = (
				en,
				Base,
			);
			mainGroup = 738710241CF2A749007D6979;
			productRefGroup = 7387102E1CF2A749007D6979 /* Products */;
			projectDirPath = "";
			projectRoot = "";
			targets = (
				7387102C1CF2A749007D6979 /* BanTang */,
			);
		};
/* End PBXProject section */

/* Begin PBXResourcesBuildPhase section */
		7387102B1CF2A749007D6979 /* Resources */ = {
			isa = PBXResourcesBuildPhase;
			buildActionMask = 2147483647;
			files = (
				738710781CF449B5007D6979 /* BTDisTableViewCell.xib in Resources */,
				7387103B1CF2A74A007D6979 /* LaunchScreen.storyboard in Resources */,
				73955A421CFAF10400189CA0 /* BTHotView.xib in Resources */,
				738710381CF2A74A007D6979 /* Assets.xcassets in Resources */,
				73D12FA51CF7D7E1008A4719 /* BTCategoryCell.xib in Resources */,
				7398A52A1CFC408300D0B813 /* BTMiddleView.xib in Resources */,
				7398A5221CFC0B9700D0B813 /* BTSettingController.storyboard in Resources */,
				735EC6711CFD399400D171EE /* BTOrderController.storyboard in Resources */,
				7398A5261CFC364300D0B813 /* BTUserHeadView.xib in Resources */,
				738710741CF40299007D6979 /* BTHeaderView.xib in Resources */,
				73955A3C1CFAD48700189CA0 /* BTHotCollectionViewCell.xib in Resources */,
			);
			runOnlyForDeploymentPostprocessing = 0;
		};
/* End PBXResourcesBuildPhase section */

/* Begin PBXShellScriptBuildPhase section */
		6AE03EFC66800DE810132363 /* 📦 Check Pods Manifest.lock */ = {
			isa = PBXShellScriptBuildPhase;
			buildActionMask = 2147483647;
			files = (
			);
			inputPaths = (
			);
			name = "📦 Check Pods Manifest.lock";
			outputPaths = (
			);
			runOnlyForDeploymentPostprocessing = 0;
			shellPath = /bin/sh;
			shellScript = "diff \"${PODS_ROOT}/../Podfile.lock\" \"${PODS_ROOT}/Manifest.lock\" > /dev/null\nif [[ $? != 0 ]] ; then\n    cat << EOM\nerror: The sandbox is not in sync with the Podfile.lock. Run 'pod install' or update your CocoaPods installation.\nEOM\n    exit 1\nfi\n";
			showEnvVarsInLog = 0;
		};
		B43FA7EF01B74D131D15C487 /* 📦 Embed Pods Frameworks */ = {
			isa = PBXShellScriptBuildPhase;
			buildActionMask = 2147483647;
			files = (
			);
			inputPaths = (
			);
			name = "📦 Embed Pods Frameworks";
			outputPaths = (
			);
			runOnlyForDeploymentPostprocessing = 0;
			shellPath = /bin/sh;
			shellScript = "\"${SRCROOT}/Pods/Target Support Files/Pods-BanTang/Pods-BanTang-frameworks.sh\"\n";
			showEnvVarsInLog = 0;
		};
		B93D7EC2291207404B0A4AFF /* 📦 Copy Pods Resources */ = {
			isa = PBXShellScriptBuildPhase;
			buildActionMask = 2147483647;
			files = (
			);
			inputPaths = (
			);
			name = "📦 Copy Pods Resources";
			outputPaths = (
			);
			runOnlyForDeploymentPostprocessing = 0;
			shellPath = /bin/sh;
			shellScript = "\"${SRCROOT}/Pods/Target Support Files/Pods-BanTang/Pods-BanTang-resources.sh\"\n";
			showEnvVarsInLog = 0;
		};
/* End PBXShellScriptBuildPhase section */

/* Begin PBXSourcesBuildPhase section */
		738710291CF2A749007D6979 /* Sources */ = {
			isa = PBXSourcesBuildPhase;
			buildActionMask = 2147483647;
			files = (
				735EC66F1CFD398700D171EE /* BTOrderController.swift in Sources */,
				7398A5281CFC407B00D0B813 /* BTMiddleView.swift in Sources */,
				73D12F9F1CF741AB008A4719 /* BTListViewController.swift in Sources */,
				738710681CF2DCC6007D6979 /* BTBaseNaviController.swift in Sources */,
				738710701CF30093007D6979 /* UIBarButtonItem+Item.m in Sources */,
				73D12FAF1CF80E21008A4719 /* BTCategoryItem.swift in Sources */,
				73D12FA41CF7D7E1008A4719 /* BTCategoryCell.swift in Sources */,
				738710651CF2B776007D6979 /* BTAccountViewController.swift in Sources */,
				735EC6731CFD3CF900D171EE /* BTOrderCell.swift in Sources */,
				738710721CF40284007D6979 /* BTHeaderView.swift in Sources */,
				7398A5201CFC0B8D00D0B813 /* BTSettingController.swift in Sources */,
				738710771CF449B5007D6979 /* BTDisTableViewCell.swift in Sources */,
				738710621CF2B706007D6979 /* BTMessageViewController.swift in Sources */,
				7387106A1CF2DF6E007D6979 /* BTTabBar.swift in Sources */,
				738710311CF2A749007D6979 /* AppDelegate.swift in Sources */,
				73C1BCD01CFDB8ED004A8952 /* ZCFileManager.m in Sources */,
				7387107A1CF46B85007D6979 /* BTTopicItem.swift in Sources */,
				738710601CF2B6D0007D6979 /* BTDiscoverViewController.swift in Sources */,
				73955A3E1CFAD5A600189CA0 /* BTHotItem.swift in Sources */,
				7398A5241CFC363600D0B813 /* BTUserHeadView.swift in Sources */,
				7387105C1CF2B568007D6979 /* BTMainTabBarVC.swift in Sources */,
				73D12FA11CF744B6008A4719 /* BTDanpinViewController.swift in Sources */,
				7387105E1CF2B690007D6979 /* BTHomeViewController.swift in Sources */,
				73955A3B1CFAD48700189CA0 /* BTHotCollectionViewCell.swift in Sources */,
				735EC66D1CFD369A00D171EE /* BTReSetCell.swift in Sources */,
				73955A401CFAF0F800189CA0 /* BTHotView.swift in Sources */,
				7387107C1CF47B4B007D6979 /* BTTopicUserItem.swift in Sources */,
			);
			runOnlyForDeploymentPostprocessing = 0;
		};
/* End PBXSourcesBuildPhase section */

/* Begin PBXVariantGroup section */
		738710391CF2A74A007D6979 /* LaunchScreen.storyboard */ = {
			isa = PBXVariantGroup;
			children = (
				7387103A1CF2A74A007D6979 /* Base */,
			);
			name = LaunchScreen.storyboard;
			sourceTree = "<group>";
		};
/* End PBXVariantGroup section */

/* Begin XCBuildConfiguration section */
		7387103D1CF2A74A007D6979 /* Debug */ = {
			isa = XCBuildConfiguration;
			buildSettings = {
				ALWAYS_SEARCH_USER_PATHS = NO;
				CLANG_ANALYZER_NONNULL = YES;
				CLANG_CXX_LANGUAGE_STANDARD = "gnu++0x";
				CLANG_CXX_LIBRARY = "libc++";
				CLANG_ENABLE_MODULES = YES;
				CLANG_ENABLE_OBJC_ARC = YES;
				CLANG_WARN_BOOL_CONVERSION = YES;
				CLANG_WARN_CONSTANT_CONVERSION = YES;
				CLANG_WARN_DIRECT_OBJC_ISA_USAGE = YES_ERROR;
				CLANG_WARN_EMPTY_BODY = YES;
				CLANG_WARN_ENUM_CONVERSION = YES;
				CLANG_WARN_INT_CONVERSION = YES;
				CLANG_WARN_OBJC_ROOT_CLASS = YES_ERROR;
				CLANG_WARN_UNREACHABLE_CODE = YES;
				CLANG_WARN__DUPLICATE_METHOD_MATCH = YES;
				"CODE_SIGN_IDENTITY[sdk=iphoneos*]" = "iPhone Developer";
				COPY_PHASE_STRIP = NO;
				DEBUG_INFORMATION_FORMAT = dwarf;
				ENABLE_STRICT_OBJC_MSGSEND = YES;
				ENABLE_TESTABILITY = YES;
				GCC_C_LANGUAGE_STANDARD = gnu99;
				GCC_DYNAMIC_NO_PIC = NO;
				GCC_NO_COMMON_BLOCKS = YES;
				GCC_OPTIMIZATION_LEVEL = 0;
				GCC_PREPROCESSOR_DEFINITIONS = (
					"DEBUG=1",
					"$(inherited)",
				);
				GCC_WARN_64_TO_32_BIT_CONVERSION = YES;
				GCC_WARN_ABOUT_RETURN_TYPE = YES_ERROR;
				GCC_WARN_UNDECLARED_SELECTOR = YES;
				GCC_WARN_UNINITIALIZED_AUTOS = YES_AGGRESSIVE;
				GCC_WARN_UNUSED_FUNCTION = YES;
				GCC_WARN_UNUSED_VARIABLE = YES;
				IPHONEOS_DEPLOYMENT_TARGET = 9.3;
				MTL_ENABLE_DEBUG_INFO = YES;
				ONLY_ACTIVE_ARCH = YES;
				SDKROOT = iphoneos;
				SWIFT_OPTIMIZATION_LEVEL = "-Onone";
			};
			name = Debug;
		};
		7387103E1CF2A74A007D6979 /* Release */ = {
			isa = XCBuildConfiguration;
			buildSettings = {
				ALWAYS_SEARCH_USER_PATHS = NO;
				CLANG_ANALYZER_NONNULL = YES;
				CLANG_CXX_LANGUAGE_STANDARD = "gnu++0x";
				CLANG_CXX_LIBRARY = "libc++";
				CLANG_ENABLE_MODULES = YES;
				CLANG_ENABLE_OBJC_ARC = YES;
				CLANG_WARN_BOOL_CONVERSION = YES;
				CLANG_WARN_CONSTANT_CONVERSION = YES;
				CLANG_WARN_DIRECT_OBJC_ISA_USAGE = YES_ERROR;
				CLANG_WARN_EMPTY_BODY = YES;
				CLANG_WARN_ENUM_CONVERSION = YES;
				CLANG_WARN_INT_CONVERSION = YES;
				CLANG_WARN_OBJC_ROOT_CLASS = YES_ERROR;
				CLANG_WARN_UNREACHABLE_CODE = YES;
				CLANG_WARN__DUPLICATE_METHOD_MATCH = YES;
				"CODE_SIGN_IDENTITY[sdk=iphoneos*]" = "iPhone Developer";
				COPY_PHASE_STRIP = NO;
				DEBUG_INFORMATION_FORMAT = "dwarf-with-dsym";
				ENABLE_NS_ASSERTIONS = NO;
				ENABLE_STRICT_OBJC_MSGSEND = YES;
				GCC_C_LANGUAGE_STANDARD = gnu99;
				GCC_NO_COMMON_BLOCKS = YES;
				GCC_WARN_64_TO_32_BIT_CONVERSION = YES;
				GCC_WARN_ABOUT_RETURN_TYPE = YES_ERROR;
				GCC_WARN_UNDECLARED_SELECTOR = YES;
				GCC_WARN_UNINITIALIZED_AUTOS = YES_AGGRESSIVE;
				GCC_WARN_UNUSED_FUNCTION = YES;
				GCC_WARN_UNUSED_VARIABLE = YES;
				IPHONEOS_DEPLOYMENT_TARGET = 9.3;
				MTL_ENABLE_DEBUG_INFO = NO;
				SDKROOT = iphoneos;
				VALIDATE_PRODUCT = YES;
			};
			name = Release;
		};
		738710401CF2A74A007D6979 /* Debug */ = {
			isa = XCBuildConfiguration;
			baseConfigurationReference = 83010B63906DF58D502F3849 /* Pods-BanTang.debug.xcconfig */;
			buildSettings = {
				ASSETCATALOG_COMPILER_APPICON_NAME = AppIcon;
				ASSETCATALOG_COMPILER_LAUNCHIMAGE_NAME = "Brand Assets";
				CLANG_ENABLE_MODULES = YES;
				INFOPLIST_FILE = BanTang/Info.plist;
				IPHONEOS_DEPLOYMENT_TARGET = 8.0;
				LD_RUNPATH_SEARCH_PATHS = "$(inherited) @executable_path/Frameworks";
				PRODUCT_BUNDLE_IDENTIFIER = com.myioslearning.BanTang;
				PRODUCT_NAME = "$(TARGET_NAME)";
				SWIFT_OBJC_BRIDGING_HEADER = "BanTang/Classes/Other/Category/BanTang-Bridging-Header.h";
				SWIFT_OPTIMIZATION_LEVEL = "-Onone";
			};
			name = Debug;
		};
		738710411CF2A74A007D6979 /* Release */ = {
			isa = XCBuildConfiguration;
			baseConfigurationReference = 67BC2053EB2595D37723139E /* Pods-BanTang.release.xcconfig */;
			buildSettings = {
				ASSETCATALOG_COMPILER_APPICON_NAME = AppIcon;
				ASSETCATALOG_COMPILER_LAUNCHIMAGE_NAME = "Brand Assets";
				CLANG_ENABLE_MODULES = YES;
				INFOPLIST_FILE = BanTang/Info.plist;
				IPHONEOS_DEPLOYMENT_TARGET = 8.0;
				LD_RUNPATH_SEARCH_PATHS = "$(inherited) @executable_path/Frameworks";
				PRODUCT_BUNDLE_IDENTIFIER = com.myioslearning.BanTang;
				PRODUCT_NAME = "$(TARGET_NAME)";
				SWIFT_OBJC_BRIDGING_HEADER = "BanTang/Classes/Other/Category/BanTang-Bridging-Header.h";
			};
			name = Release;
		};
/* End XCBuildConfiguration section */

/* Begin XCConfigurationList section */
		738710281CF2A749007D6979 /* Build configuration list for PBXProject "BanTang" */ = {
			isa = XCConfigurationList;
			buildConfigurations = (
				7387103D1CF2A74A007D6979 /* Debug */,
				7387103E1CF2A74A007D6979 /* Release */,
			);
			defaultConfigurationIsVisible = 0;
			defaultConfigurationName = Release;
		};
		7387103F1CF2A74A007D6979 /* Build configuration list for PBXNativeTarget "BanTang" */ = {
			isa = XCConfigurationList;
			buildConfigurations = (
				738710401CF2A74A007D6979 /* Debug */,
				738710411CF2A74A007D6979 /* Release */,
			);
			defaultConfigurationIsVisible = 0;
			defaultConfigurationName = Release;
		};
/* End XCConfigurationList section */
	};
	rootObject = 738710251CF2A749007D6979 /* Project object */;
}
