// !$*UTF8*$!
{
	archiveVersion = 1;
	classes = {
	};
	objectVersion = 46;
	objects = {

/* Begin PBXBuildFile section */
		738710311CF2A749007D6979 /* AppDelegate.swift in Sources */ = {isa = PBXBuildFile; fileRef = 738710301CF2A749007D6979 /* AppDelegate.swift */; };
		738710331CF2A749007D6979 /* ViewController.swift in Sources */ = {isa = PBXBuildFile; fileRef = 738710321CF2A749007D6979 /* ViewController.swift */; };
		738710361CF2A749007D6979 /* Main.storyboard in Resources */ = {isa = PBXBuildFile; fileRef = 738710341CF2A749007D6979 /* Main.storyboard */; };
		738710381CF2A74A007D6979 /* Assets.xcassets in Resources */ = {isa = PBXBuildFile; fileRef = 738710371CF2A74A007D6979 /* Assets.xcassets */; };
		7387103B1CF2A74A007D6979 /* LaunchScreen.storyboard in Resources */ = {isa = PBXBuildFile; fileRef = 738710391CF2A74A007D6979 /* LaunchScreen.storyboard */; };
/* End PBXBuildFile section */

/* Begin PBXFileReference section */
		7387102D1CF2A749007D6979 /* BanTang.app */ = {isa = PBXFileReference; explicitFileType = wrapper.application; includeInIndex = 0; path = BanTang.app; sourceTree = BUILT_PRODUCTS_DIR; };
		738710301CF2A749007D6979 /* AppDelegate.swift */ = {isa = PBXFileReference; lastKnownFileType = sourcecode.swift; path = AppDelegate.swift; sourceTree = "<group>"; };
		738710321CF2A749007D6979 /* ViewController.swift */ = {isa = PBXFileReference; lastKnownFileType = sourcecode.swift; path = ViewController.swift; sourceTree = "<group>"; };
		738710351CF2A749007D6979 /* Base */ = {isa = PBXFileReference; lastKnownFileType = file.storyboard; name = Base; path = Base.lproj/Main.storyboard; sourceTree = "<group>"; };
		738710371CF2A74A007D6979 /* Assets.xcassets */ = {isa = PBXFileReference; lastKnownFileType = folder.assetcatalog; path = Assets.xcassets; sourceTree = "<group>"; };
		7387103A1CF2A74A007D6979 /* Base */ = {isa = PBXFileReference; lastKnownFileType = file.storyboard; name = Base; path = Base.lproj/LaunchScreen.storyboard; sourceTree = "<group>"; };
		7387103C1CF2A74A007D6979 /* Info.plist */ = {isa = PBXFileReference; lastKnownFileType = text.plist.xml; path = Info.plist; sourceTree = "<group>"; };
/* End PBXFileReference section */

/* Begin PBXFrameworksBuildPhase section */
		7387102A1CF2A749007D6979 /* Frameworks */ = {
			isa = PBXFrameworksBuildPhase;
			buildActionMask = 2147483647;
			files = (
			);
			runOnlyForDeploymentPostprocessing = 0;
		};
/* End PBXFrameworksBuildPhase section */

/* Begin PBXGroup section */
		738710241CF2A749007D6979 = {
			isa = PBXGroup;
			children = (
				7387102F1CF2A749007D6979 /* BanTang */,
				7387102E1CF2A749007D6979 /* Products */,
			);
			sourceTree = "<group>";
		};
		7387102E1CF2A749007D6979 /* Products */ = {
			isa = PBXGroup;
			children = (
				7387102D1CF2A749007D6979 /* BanTang.app */,
			);
			name = Products;
			sourceTree = "<group>";
		};
		7387102F1CF2A749007D6979 /* BanTang */ = {
			isa = PBXGroup;
			children = (
				738710421CF2A8FC007D6979 /* Classes */,
				738710301CF2A749007D6979 /* AppDelegate.swift */,
				738710321CF2A749007D6979 /* ViewController.swift */,
				738710341CF2A749007D6979 /* Main.storyboard */,
				738710371CF2A74A007D6979 /* Assets.xcassets */,
				738710391CF2A74A007D6979 /* LaunchScreen.storyboard */,
				7387103C1CF2A74A007D6979 /* Info.plist */,
			);
			path = BanTang;
			sourceTree = "<group>";
		};
		738710421CF2A8FC007D6979 /* Classes */ = {
			isa = PBXGroup;
			children = (
				738710431CF2A8FC007D6979 /* Account */,
				738710471CF2A8FC007D6979 /* Home */,
				7387104B1CF2A8FC007D6979 /* Message */,
				7387104F1CF2A8FC007D6979 /* Photo */,
				738710531CF2A8FC007D6979 /* Web */,
			);
			path = Classes;
			sourceTree = "<group>";
		};
		738710431CF2A8FC007D6979 /* Account */ = {
			isa = PBXGroup;
			children = (
				738710441CF2A8FC007D6979 /* Controller */,
				738710451CF2A8FC007D6979 /* Model */,
				738710461CF2A8FC007D6979 /* View */,
			);
			path = Account;
			sourceTree = "<group>";
		};
		738710441CF2A8FC007D6979 /* Controller */ = {
			isa = PBXGroup;
			children = (
			);
			path = Controller;
			sourceTree = "<group>";
		};
		738710451CF2A8FC007D6979 /* Model */ = {
			isa = PBXGroup;
			children = (
			);
			path = Model;
			sourceTree = "<group>";
		};
		738710461CF2A8FC007D6979 /* View */ = {
			isa = PBXGroup;
			children = (
			);
			path = View;
			sourceTree = "<group>";
		};
		738710471CF2A8FC007D6979 /* Home */ = {
			isa = PBXGroup;
			children = (
				738710481CF2A8FC007D6979 /* Controller */,
				738710491CF2A8FC007D6979 /* Model */,
				7387104A1CF2A8FC007D6979 /* View */,
			);
			path = Home;
			sourceTree = "<group>";
		};
		738710481CF2A8FC007D6979 /* Controller */ = {
			isa = PBXGroup;
			children = (
			);
			path = Controller;
			sourceTree = "<group>";
		};
		738710491CF2A8FC007D6979 /* Model */ = {
			isa = PBXGroup;
			children = (
			);
			path = Model;
			sourceTree = "<group>";
		};
		7387104A1CF2A8FC007D6979 /* View */ = {
			isa = PBXGroup;
			children = (
			);
			path = View;
			sourceTree = "<group>";
		};
		7387104B1CF2A8FC007D6979 /* Message */ = {
			isa = PBXGroup;
			children = (
				7387104C1CF2A8FC007D6979 /* Controller */,
				7387104D1CF2A8FC007D6979 /* Model */,
				7387104E1CF2A8FC007D6979 /* View */,
			);
			path = Message;
			sourceTree = "<group>";
		};
		7387104C1CF2A8FC007D6979 /* Controller */ = {
			isa = PBXGroup;
			children = (
			);
			path = Controller;
			sourceTree = "<group>";
		};
		7387104D1CF2A8FC007D6979 /* Model */ = {
			isa = PBXGroup;
			children = (
			);
			path = Model;
			sourceTree = "<group>";
		};
		7387104E1CF2A8FC007D6979 /* View */ = {
			isa = PBXGroup;
			children = (
			);
			path = View;
			sourceTree = "<group>";
		};
		7387104F1CF2A8FC007D6979 /* Photo */ = {
			isa = PBXGroup;
			children = (
				738710501CF2A8FC007D6979 /* Controller */,
				738710511CF2A8FC007D6979 /* Model */,
				738710521CF2A8FC007D6979 /* View */,
			);
			path = Photo;
			sourceTree = "<group>";
		};
		738710501CF2A8FC007D6979 /* Controller */ = {
			isa = PBXGroup;
			children = (
			);
			path = Controller;
			sourceTree = "<group>";
		};
		738710511CF2A8FC007D6979 /* Model */ = {
			isa = PBXGroup;
			children = (
			);
			path = Model;
			sourceTree = "<group>";
		};
		738710521CF2A8FC007D6979 /* View */ = {
			isa = PBXGroup;
			children = (
			);
			path = View;
			sourceTree = "<group>";
		};
		738710531CF2A8FC007D6979 /* Web */ = {
			isa = PBXGroup;
			children = (
				738710541CF2A8FC007D6979 /* Controller */,
				738710551CF2A8FC007D6979 /* Model */,
				738710561CF2A8FC007D6979 /* View */,
			);
			path = Web;
			sourceTree = "<group>";
		};
		738710541CF2A8FC007D6979 /* Controller */ = {
			isa = PBXGroup;
			children = (
			);
			path = Controller;
			sourceTree = "<group>";
		};
		738710551CF2A8FC007D6979 /* Model */ = {
			isa = PBXGroup;
			children = (
			);
			path = Model;
			sourceTree = "<group>";
		};
		738710561CF2A8FC007D6979 /* View */ = {
			isa = PBXGroup;
			children = (
			);
			path = View;
			sourceTree = "<group>";
		};
/* End PBXGroup section */

/* Begin PBXNativeTarget section */
		7387102C1CF2A749007D6979 /* BanTang */ = {
			isa = PBXNativeTarget;
			buildConfigurationList = 7387103F1CF2A74A007D6979 /* Build configuration list for PBXNativeTarget "BanTang" */;
			buildPhases = (
				738710291CF2A749007D6979 /* Sources */,
				7387102A1CF2A749007D6979 /* Frameworks */,
				7387102B1CF2A749007D6979 /* Resources */,
			);
			buildRules = (
			);
			dependencies = (
			);
			name = BanTang;
			productName = BanTang;
			productReference = 7387102D1CF2A749007D6979 /* BanTang.app */;
			productType = "com.apple.product-type.application";
		};
/* End PBXNativeTarget section */

/* Begin PBXProject section */
		738710251CF2A749007D6979 /* Project object */ = {
			isa = PBXProject;
			attributes = {
				LastSwiftUpdateCheck = 0730;
				LastUpgradeCheck = 0730;
				ORGANIZATIONNAME = "张灿";
				TargetAttributes = {
					7387102C1CF2A749007D6979 = {
						CreatedOnToolsVersion = 7.3.1;
						DevelopmentTeam = 5426CMU8GP;
					};
				};
			};
			buildConfigurationList = 738710281CF2A749007D6979 /* Build configuration list for PBXProject "BanTang" */;
			compatibilityVersion = "Xcode 3.2";
			developmentRegion = English;
			hasScannedForEncodings = 0;
			knownRegions = (
				en,
				Base,
			);
			mainGroup = 738710241CF2A749007D6979;
			productRefGroup = 7387102E1CF2A749007D6979 /* Products */;
			projectDirPath = "";
			projectRoot = "";
			targets = (
				7387102C1CF2A749007D6979 /* BanTang */,
			);
		};
/* End PBXProject section */

/* Begin PBXResourcesBuildPhase section */
		7387102B1CF2A749007D6979 /* Resources */ = {
			isa = PBXResourcesBuildPhase;
			buildActionMask = 2147483647;
			files = (
				7387103B1CF2A74A007D6979 /* LaunchScreen.storyboard in Resources */,
				738710381CF2A74A007D6979 /* Assets.xcassets in Resources */,
				738710361CF2A749007D6979 /* Main.storyboard in Resources */,
			);
			runOnlyForDeploymentPostprocessing = 0;
		};
/* End PBXResourcesBuildPhase section */

/* Begin PBXSourcesBuildPhase section */
		738710291CF2A749007D6979 /* Sources */ = {
			isa = PBXSourcesBuildPhase;
			buildActionMask = 2147483647;
			files = (
				738710331CF2A749007D6979 /* ViewController.swift in Sources */,
				738710311CF2A749007D6979 /* AppDelegate.swift in Sources */,
			);
			runOnlyForDeploymentPostprocessing = 0;
		};
/* End PBXSourcesBuildPhase section */

/* Begin PBXVariantGroup section */
		738710341CF2A749007D6979 /* Main.storyboard */ = {
			isa = PBXVariantGroup;
			children = (
				738710351CF2A749007D6979 /* Base */,
			);
			name = Main.storyboard;
			sourceTree = "<group>";
		};
		738710391CF2A74A007D6979 /* LaunchScreen.storyboard */ = {
			isa = PBXVariantGroup;
			children = (
				7387103A1CF2A74A007D6979 /* Base */,
			);
			name = LaunchScreen.storyboard;
			sourceTree = "<group>";
		};
/* End PBXVariantGroup section */

/* Begin XCBuildConfiguration section */
		7387103D1CF2A74A007D6979 /* Debug */ = {
			isa = XCBuildConfiguration;
			buildSettings = {
				ALWAYS_SEARCH_USER_PATHS = NO;
				CLANG_ANALYZER_NONNULL = YES;
				CLANG_CXX_LANGUAGE_STANDARD = "gnu++0x";
				CLANG_CXX_LIBRARY = "libc++";
				CLANG_ENABLE_MODULES = YES;
				CLANG_ENABLE_OBJC_ARC = YES;
				CLANG_WARN_BOOL_CONVERSION = YES;
				CLANG_WARN_CONSTANT_CONVERSION = YES;
				CLANG_WARN_DIRECT_OBJC_ISA_USAGE = YES_ERROR;
				CLANG_WARN_EMPTY_BODY = YES;
				CLANG_WARN_ENUM_CONVERSION = YES;
				CLANG_WARN_INT_CONVERSION = YES;
				CLANG_WARN_OBJC_ROOT_CLASS = YES_ERROR;
				CLANG_WARN_UNREACHABLE_CODE = YES;
				CLANG_WARN__DUPLICATE_METHOD_MATCH = YES;
				"CODE_SIGN_IDENTITY[sdk=iphoneos*]" = "iPhone Developer";
				COPY_PHASE_STRIP = NO;
				DEBUG_INFORMATION_FORMAT = dwarf;
				ENABLE_STRICT_OBJC_MSGSEND = YES;
				ENABLE_TESTABILITY = YES;
				GCC_C_LANGUAGE_STANDARD = gnu99;
				GCC_DYNAMIC_NO_PIC = NO;
				GCC_NO_COMMON_BLOCKS = YES;
				GCC_OPTIMIZATION_LEVEL = 0;
				GCC_PREPROCESSOR_DEFINITIONS = (
					"DEBUG=1",
					"$(inherited)",
				);
				GCC_WARN_64_TO_32_BIT_CONVERSION = YES;
				GCC_WARN_ABOUT_RETURN_TYPE = YES_ERROR;
				GCC_WARN_UNDECLARED_SELECTOR = YES;
				GCC_WARN_UNINITIALIZED_AUTOS = YES_AGGRESSIVE;
				GCC_WARN_UNUSED_FUNCTION = YES;
				GCC_WARN_UNUSED_VARIABLE = YES;
				IPHONEOS_DEPLOYMENT_TARGET = 9.3;
				MTL_ENABLE_DEBUG_INFO = YES;
				ONLY_ACTIVE_ARCH = YES;
				SDKROOT = iphoneos;
				SWIFT_OPTIMIZATION_LEVEL = "-Onone";
			};
			name = Debug;
		};
		7387103E1CF2A74A007D6979 /* Release */ = {
			isa = XCBuildConfiguration;
			buildSettings = {
				ALWAYS_SEARCH_USER_PATHS = NO;
				CLANG_ANALYZER_NONNULL = YES;
				CLANG_CXX_LANGUAGE_STANDARD = "gnu++0x";
				CLANG_CXX_LIBRARY = "libc++";
				CLANG_ENABLE_MODULES = YES;
				CLANG_ENABLE_OBJC_ARC = YES;
				CLANG_WARN_BOOL_CONVERSION = YES;
				CLANG_WARN_CONSTANT_CONVERSION = YES;
				CLANG_WARN_DIRECT_OBJC_ISA_USAGE = YES_ERROR;
				CLANG_WARN_EMPTY_BODY = YES;
				CLANG_WARN_ENUM_CONVERSION = YES;
				CLANG_WARN_INT_CONVERSION = YES;
				CLANG_WARN_OBJC_ROOT_CLASS = YES_ERROR;
				CLANG_WARN_UNREACHABLE_CODE = YES;
				CLANG_WARN__DUPLICATE_METHOD_MATCH = YES;
				"CODE_SIGN_IDENTITY[sdk=iphoneos*]" = "iPhone Developer";
				COPY_PHASE_STRIP = NO;
				DEBUG_INFORMATION_FORMAT = "dwarf-with-dsym";
				ENABLE_NS_ASSERTIONS = NO;
				ENABLE_STRICT_OBJC_MSGSEND = YES;
				GCC_C_LANGUAGE_STANDARD = gnu99;
				GCC_NO_COMMON_BLOCKS = YES;
				GCC_WARN_64_TO_32_BIT_CONVERSION = YES;
				GCC_WARN_ABOUT_RETURN_TYPE = YES_ERROR;
				GCC_WARN_UNDECLARED_SELECTOR = YES;
				GCC_WARN_UNINITIALIZED_AUTOS = YES_AGGRESSIVE;
				GCC_WARN_UNUSED_FUNCTION = YES;
				GCC_WARN_UNUSED_VARIABLE = YES;
				IPHONEOS_DEPLOYMENT_TARGET = 9.3;
				MTL_ENABLE_DEBUG_INFO = NO;
				SDKROOT = iphoneos;
				VALIDATE_PRODUCT = YES;
			};
			name = Release;
		};
		738710401CF2A74A007D6979 /* Debug */ = {
			isa = XCBuildConfiguration;
			buildSettings = {
				ASSETCATALOG_COMPILER_APPICON_NAME = AppIcon;
				INFOPLIST_FILE = BanTang/Info.plist;
				LD_RUNPATH_SEARCH_PATHS = "$(inherited) @executable_path/Frameworks";
				PRODUCT_BUNDLE_IDENTIFIER = com.myioslearning.BanTang;
				PRODUCT_NAME = "$(TARGET_NAME)";
			};
			name = Debug;
		};
		738710411CF2A74A007D6979 /* Release */ = {
			isa = XCBuildConfiguration;
			buildSettings = {
				ASSETCATALOG_COMPILER_APPICON_NAME = AppIcon;
				INFOPLIST_FILE = BanTang/Info.plist;
				LD_RUNPATH_SEARCH_PATHS = "$(inherited) @executable_path/Frameworks";
				PRODUCT_BUNDLE_IDENTIFIER = com.myioslearning.BanTang;
				PRODUCT_NAME = "$(TARGET_NAME)";
			};
			name = Release;
		};
/* End XCBuildConfiguration section */

/* Begin XCConfigurationList section */
		738710281CF2A749007D6979 /* Build configuration list for PBXProject "BanTang" */ = {
			isa = XCConfigurationList;
			buildConfigurations = (
				7387103D1CF2A74A007D6979 /* Debug */,
				7387103E1CF2A74A007D6979 /* Release */,
			);
			defaultConfigurationIsVisible = 0;
			defaultConfigurationName = Release;
		};
		7387103F1CF2A74A007D6979 /* Build configuration list for PBXNativeTarget "BanTang" */ = {
			isa = XCConfigurationList;
			buildConfigurations = (
				738710401CF2A74A007D6979 /* Debug */,
				738710411CF2A74A007D6979 /* Release */,
			);
			defaultConfigurationIsVisible = 0;
		};
/* End XCConfigurationList section */
	};
	rootObject = 738710251CF2A749007D6979 /* Project object */;
}
